// !$*UTF8*$!
{
	archiveVersion = 1;
	classes = {
	};
	objectVersion = 56;
	objects = {

/* Begin PBXBuildFile section */
		DF088E792ABD0EEE0002A8E9 /* PlaylistInfoView.swift in Sources */ = {isa = PBXBuildFile; fileRef = DF088E782ABD0EEE0002A8E9 /* PlaylistInfoView.swift */; };
		DF0AB5EC2A49F0E400C28366 /* ExitButtonStyle.swift in Sources */ = {isa = PBXBuildFile; fileRef = DF0AB5EB2A49F0E400C28366 /* ExitButtonStyle.swift */; };
		DF0BDE2B2A27CA2A00C917FA /* SettingsView.swift in Sources */ = {isa = PBXBuildFile; fileRef = DF0BDE2A2A27CA2A00C917FA /* SettingsView.swift */; };
		DF10E66D2A242EA100D9EFD7 /* SpotifyPopup.swift in Sources */ = {isa = PBXBuildFile; fileRef = DF10E66C2A242EA100D9EFD7 /* SpotifyPopup.swift */; };
		DF10E66F2A24E89300D9EFD7 /* WebView.swift in Sources */ = {isa = PBXBuildFile; fileRef = DF10E66E2A24E89300D9EFD7 /* WebView.swift */; };
		DF2A3C7A2ABA8C6400565B94 /* BannerView.swift in Sources */ = {isa = PBXBuildFile; fileRef = DF2A3C792ABA8C6400565B94 /* BannerView.swift */; };
		DF321D462AB13D52005D8C50 /* PlaylistSnapshotView.swift in Sources */ = {isa = PBXBuildFile; fileRef = DF321D452AB13D52005D8C50 /* PlaylistSnapshotView.swift */; };
		DF3F15F62A55F6610032FFEC /* CreateNewPlaylistView.swift in Sources */ = {isa = PBXBuildFile; fileRef = DF3F15F52A55F6610032FFEC /* CreateNewPlaylistView.swift */; };
		DF412E842ABBA9AE00EBE08E /* Refresher in Frameworks */ = {isa = PBXBuildFile; productRef = DF412E832ABBA9AE00EBE08E /* Refresher */; };
		DF44EEAB29FBE2720027E3DD /* WelcomePageView.swift in Sources */ = {isa = PBXBuildFile; fileRef = DF44EEAA29FBE2720027E3DD /* WelcomePageView.swift */; };
		DF469EC12A43420C00BE166C /* ImageLoader.swift in Sources */ = {isa = PBXBuildFile; fileRef = DF469EC02A43420C00BE166C /* ImageLoader.swift */; };
		DF469EC32A43426900BE166C /* AsyncImage.swift in Sources */ = {isa = PBXBuildFile; fileRef = DF469EC22A43426900BE166C /* AsyncImage.swift */; };
		DF4980EE2AAFB84E002A35E3 /* Nuke in Frameworks */ = {isa = PBXBuildFile; productRef = DF4980ED2AAFB84E002A35E3 /* Nuke */; };
		DF4980F02AAFB84E002A35E3 /* NukeExtensions in Frameworks */ = {isa = PBXBuildFile; productRef = DF4980EF2AAFB84E002A35E3 /* NukeExtensions */; };
		DF4980F22AAFB84E002A35E3 /* NukeUI in Frameworks */ = {isa = PBXBuildFile; productRef = DF4980F12AAFB84E002A35E3 /* NukeUI */; };
		DF4980F42AAFB84E002A35E3 /* NukeVideo in Frameworks */ = {isa = PBXBuildFile; productRef = DF4980F32AAFB84E002A35E3 /* NukeVideo */; };
		DF4980F72AAFCD34002A35E3 /* Shimmer in Frameworks */ = {isa = PBXBuildFile; productRef = DF4980F62AAFCD34002A35E3 /* Shimmer */; };
		DF599E6629FC990A00EBF850 /* GoogleService-Info.plist in Resources */ = {isa = PBXBuildFile; fileRef = DF599E6529FC990A00EBF850 /* GoogleService-Info.plist */; };
		DF599E7429FC9A3000EBF850 /* AuthHandler.swift in Sources */ = {isa = PBXBuildFile; fileRef = DF599E7329FC9A3000EBF850 /* AuthHandler.swift */; };
		DF599E7629FD70A700EBF850 /* InitializationPage.swift in Sources */ = {isa = PBXBuildFile; fileRef = DF599E7529FD70A700EBF850 /* InitializationPage.swift */; };
		DF604D912AB086A400DCF363 /* IntroIconView.swift in Sources */ = {isa = PBXBuildFile; fileRef = DF604D902AB086A400DCF363 /* IntroIconView.swift */; };
		DF67A34D2A28162100E3BF89 /* SpotifySettingsView.swift in Sources */ = {isa = PBXBuildFile; fileRef = DF67A34C2A28162100E3BF89 /* SpotifySettingsView.swift */; };
		DF6A789B2A43A85E00067D68 /* SpotifyPlaylistListView.swift in Sources */ = {isa = PBXBuildFile; fileRef = DF6A789A2A43A85E00067D68 /* SpotifyPlaylistListView.swift */; };
		DF72E62429FEB487007A6306 /* CombineFirebase in Frameworks */ = {isa = PBXBuildFile; productRef = DF72E62329FEB487007A6306 /* CombineFirebase */; };
		DF72E62629FEB487007A6306 /* CombineFirebaseAuth in Frameworks */ = {isa = PBXBuildFile; productRef = DF72E62529FEB487007A6306 /* CombineFirebaseAuth */; };
		DF72E62829FEB487007A6306 /* CombineFirebaseDatabase in Frameworks */ = {isa = PBXBuildFile; productRef = DF72E62729FEB487007A6306 /* CombineFirebaseDatabase */; };
		DF72E62A29FEB487007A6306 /* CombineFirebaseFirestore in Frameworks */ = {isa = PBXBuildFile; productRef = DF72E62929FEB487007A6306 /* CombineFirebaseFirestore */; };
		DF72E62C29FEB487007A6306 /* CombineFirebaseFunctions in Frameworks */ = {isa = PBXBuildFile; productRef = DF72E62B29FEB487007A6306 /* CombineFirebaseFunctions */; };
		DF72E62E29FEB487007A6306 /* CombineFirebaseRemoteConfig in Frameworks */ = {isa = PBXBuildFile; productRef = DF72E62D29FEB487007A6306 /* CombineFirebaseRemoteConfig */; };
		DF72E63029FEB487007A6306 /* CombineFirebaseStorage in Frameworks */ = {isa = PBXBuildFile; productRef = DF72E62F29FEB487007A6306 /* CombineFirebaseStorage */; };
		DF7A385E2AC0DF130049C929 /* SecuritySettingsView.swift in Sources */ = {isa = PBXBuildFile; fileRef = DF7A385D2AC0DF130049C929 /* SecuritySettingsView.swift */; };
		DF7F9A852A30F4010017E561 /* FirebaseAnalytics in Frameworks */ = {isa = PBXBuildFile; productRef = DF7F9A842A30F4010017E561 /* FirebaseAnalytics */; };
		DF7F9A872A30F4010017E561 /* FirebaseAuth in Frameworks */ = {isa = PBXBuildFile; productRef = DF7F9A862A30F4010017E561 /* FirebaseAuth */; };
		DF7F9A892A30F4010017E561 /* FirebaseDatabase in Frameworks */ = {isa = PBXBuildFile; productRef = DF7F9A882A30F4010017E561 /* FirebaseDatabase */; };
		DF7F9A8B2A30F4010017E561 /* FirebaseFirestore in Frameworks */ = {isa = PBXBuildFile; productRef = DF7F9A8A2A30F4010017E561 /* FirebaseFirestore */; };
		DF7F9A8D2A30F4010017E561 /* FirebaseStorage in Frameworks */ = {isa = PBXBuildFile; productRef = DF7F9A8C2A30F4010017E561 /* FirebaseStorage */; };
		DF8A77792A4DEA3E00266500 /* FormTitle.swift in Sources */ = {isa = PBXBuildFile; fileRef = DF8A77782A4DEA3E00266500 /* FormTitle.swift */; };
		DFA5BCA92A2D71A6004DB4A3 /* ProfileSettingsView.swift in Sources */ = {isa = PBXBuildFile; fileRef = DFA5BCA82A2D71A6004DB4A3 /* ProfileSettingsView.swift */; };
		DFA5BCAC2A2D73D1004DB4A3 /* SettingsTextLabel_Element.swift in Sources */ = {isa = PBXBuildFile; fileRef = DFA5BCAB2A2D73D1004DB4A3 /* SettingsTextLabel_Element.swift */; };
		DFA5BCAF2A2DFAD2004DB4A3 /* NonDismissableNavigationView.swift in Sources */ = {isa = PBXBuildFile; fileRef = DFA5BCAE2A2DFAD2004DB4A3 /* NonDismissableNavigationView.swift */; };
		DFAB03F02A090DAE006B5F7E /* SpotifyAPI in Frameworks */ = {isa = PBXBuildFile; productRef = DFAB03EF2A090DAE006B5F7E /* SpotifyAPI */; };
		DFAD004729F5B6C000EE6874 /* BeatFluxApp.swift in Sources */ = {isa = PBXBuildFile; fileRef = DFAD004629F5B6C000EE6874 /* BeatFluxApp.swift */; };
		DFAD004929F5B6C000EE6874 /* HomeView.swift in Sources */ = {isa = PBXBuildFile; fileRef = DFAD004829F5B6C000EE6874 /* HomeView.swift */; };
		DFAD004B29F5B6C100EE6874 /* Assets.xcassets in Resources */ = {isa = PBXBuildFile; fileRef = DFAD004A29F5B6C100EE6874 /* Assets.xcassets */; };
		DFAD004E29F5B6C100EE6874 /* Preview Assets.xcassets in Resources */ = {isa = PBXBuildFile; fileRef = DFAD004D29F5B6C100EE6874 /* Preview Assets.xcassets */; };
		DFB08E2229F7EC1A0074A86A /* LoginView.swift in Sources */ = {isa = PBXBuildFile; fileRef = DFB08E2129F7EC1A0074A86A /* LoginView.swift */; };
		DFBE88BF29FF51DB00572B47 /* LoadingIndicator.swift in Sources */ = {isa = PBXBuildFile; fileRef = DFBE88BE29FF51DB00572B47 /* LoadingIndicator.swift */; };
		DFC6661329FA0AA3003227FE /* SignupView.swift in Sources */ = {isa = PBXBuildFile; fileRef = DFC6661229FA0AA3003227FE /* SignupView.swift */; };
		DFC6661529FA0EA4003227FE /* Extensions.swift in Sources */ = {isa = PBXBuildFile; fileRef = DFC6661429FA0EA4003227FE /* Extensions.swift */; };
		DFFA143C2A298218009F9275 /* RedactedView.swift in Sources */ = {isa = PBXBuildFile; fileRef = DFFA143B2A298218009F9275 /* RedactedView.swift */; };
		DFFA14412A2A01CF009F9275 /* NetworkStatus.swift in Sources */ = {isa = PBXBuildFile; fileRef = DFFA14402A2A01CF009F9275 /* NetworkStatus.swift */; };
		DFFC11ED2A54D3D9001BE252 /* ExportPlaylistView.swift in Sources */ = {isa = PBXBuildFile; fileRef = DFFC11EC2A54D3D9001BE252 /* ExportPlaylistView.swift */; };
		DFFE94CE2A1963ED00615281 /* AuthTextLabel_Element.swift in Sources */ = {isa = PBXBuildFile; fileRef = DFFE94CD2A1963ED00615281 /* AuthTextLabel_Element.swift */; };
		DFFE94D02A19642200615281 /* SpotifyHandler.swift in Sources */ = {isa = PBXBuildFile; fileRef = DFFE94CF2A19642200615281 /* SpotifyHandler.swift */; };
		DFFE94D22A19659B00615281 /* DatabaseHandler.swift in Sources */ = {isa = PBXBuildFile; fileRef = DFFE94D12A19659B00615281 /* DatabaseHandler.swift */; };
		DFFE94D42A19680E00615281 /* Model.swift in Sources */ = {isa = PBXBuildFile; fileRef = DFFE94D32A19680E00615281 /* Model.swift */; };
		DFFE94E12A1CD34E00615281 /* BeatFluxViewModel.swift in Sources */ = {isa = PBXBuildFile; fileRef = DFFE94E02A1CD34E00615281 /* BeatFluxViewModel.swift */; };
/* End PBXBuildFile section */

/* Begin PBXFileReference section */
		DF088E782ABD0EEE0002A8E9 /* PlaylistInfoView.swift */ = {isa = PBXFileReference; lastKnownFileType = sourcecode.swift; path = PlaylistInfoView.swift; sourceTree = "<group>"; };
		DF0AB5EB2A49F0E400C28366 /* ExitButtonStyle.swift */ = {isa = PBXFileReference; lastKnownFileType = sourcecode.swift; path = ExitButtonStyle.swift; sourceTree = "<group>"; };
		DF0BDE2A2A27CA2A00C917FA /* SettingsView.swift */ = {isa = PBXFileReference; lastKnownFileType = sourcecode.swift; path = SettingsView.swift; sourceTree = "<group>"; };
		DF10E66C2A242EA100D9EFD7 /* SpotifyPopup.swift */ = {isa = PBXFileReference; lastKnownFileType = sourcecode.swift; path = SpotifyPopup.swift; sourceTree = "<group>"; };
		DF10E66E2A24E89300D9EFD7 /* WebView.swift */ = {isa = PBXFileReference; lastKnownFileType = sourcecode.swift; path = WebView.swift; sourceTree = "<group>"; };
		DF2A3C792ABA8C6400565B94 /* BannerView.swift */ = {isa = PBXFileReference; lastKnownFileType = sourcecode.swift; path = BannerView.swift; sourceTree = "<group>"; };
		DF321D452AB13D52005D8C50 /* PlaylistSnapshotView.swift */ = {isa = PBXFileReference; lastKnownFileType = sourcecode.swift; path = PlaylistSnapshotView.swift; sourceTree = "<group>"; };
		DF3B72812AC268CD00A3EAFB /* BeatFlux.entitlements */ = {isa = PBXFileReference; lastKnownFileType = text.plist.entitlements; path = BeatFlux.entitlements; sourceTree = "<group>"; };
		DF3F15F52A55F6610032FFEC /* CreateNewPlaylistView.swift */ = {isa = PBXFileReference; lastKnownFileType = sourcecode.swift; path = CreateNewPlaylistView.swift; sourceTree = "<group>"; };
		DF44EEAA29FBE2720027E3DD /* WelcomePageView.swift */ = {isa = PBXFileReference; lastKnownFileType = sourcecode.swift; path = WelcomePageView.swift; sourceTree = "<group>"; };
		DF469EC02A43420C00BE166C /* ImageLoader.swift */ = {isa = PBXFileReference; lastKnownFileType = sourcecode.swift; path = ImageLoader.swift; sourceTree = "<group>"; };
		DF469EC22A43426900BE166C /* AsyncImage.swift */ = {isa = PBXFileReference; lastKnownFileType = sourcecode.swift; path = AsyncImage.swift; sourceTree = "<group>"; };
		DF599E6529FC990A00EBF850 /* GoogleService-Info.plist */ = {isa = PBXFileReference; fileEncoding = 4; lastKnownFileType = text.plist.xml; path = "GoogleService-Info.plist"; sourceTree = "<group>"; };
		DF599E7329FC9A3000EBF850 /* AuthHandler.swift */ = {isa = PBXFileReference; lastKnownFileType = sourcecode.swift; path = AuthHandler.swift; sourceTree = "<group>"; };
		DF599E7529FD70A700EBF850 /* InitializationPage.swift */ = {isa = PBXFileReference; lastKnownFileType = sourcecode.swift; path = InitializationPage.swift; sourceTree = "<group>"; };
		DF604D902AB086A400DCF363 /* IntroIconView.swift */ = {isa = PBXFileReference; lastKnownFileType = sourcecode.swift; path = IntroIconView.swift; sourceTree = "<group>"; };
		DF67A34C2A28162100E3BF89 /* SpotifySettingsView.swift */ = {isa = PBXFileReference; lastKnownFileType = sourcecode.swift; path = SpotifySettingsView.swift; sourceTree = "<group>"; };
		DF6A789A2A43A85E00067D68 /* SpotifyPlaylistListView.swift */ = {isa = PBXFileReference; lastKnownFileType = sourcecode.swift; path = SpotifyPlaylistListView.swift; sourceTree = "<group>"; };
		DF7A385D2AC0DF130049C929 /* SecuritySettingsView.swift */ = {isa = PBXFileReference; lastKnownFileType = sourcecode.swift; path = SecuritySettingsView.swift; sourceTree = "<group>"; };
		DF8A77782A4DEA3E00266500 /* FormTitle.swift */ = {isa = PBXFileReference; lastKnownFileType = sourcecode.swift; path = FormTitle.swift; sourceTree = "<group>"; };
		DFA5BCA82A2D71A6004DB4A3 /* ProfileSettingsView.swift */ = {isa = PBXFileReference; lastKnownFileType = sourcecode.swift; path = ProfileSettingsView.swift; sourceTree = "<group>"; };
		DFA5BCAB2A2D73D1004DB4A3 /* SettingsTextLabel_Element.swift */ = {isa = PBXFileReference; lastKnownFileType = sourcecode.swift; path = SettingsTextLabel_Element.swift; sourceTree = "<group>"; };
		DFA5BCAE2A2DFAD2004DB4A3 /* NonDismissableNavigationView.swift */ = {isa = PBXFileReference; lastKnownFileType = sourcecode.swift; path = NonDismissableNavigationView.swift; sourceTree = "<group>"; };
		DFAD004329F5B6C000EE6874 /* BeatFlux.app */ = {isa = PBXFileReference; explicitFileType = wrapper.application; includeInIndex = 0; path = BeatFlux.app; sourceTree = BUILT_PRODUCTS_DIR; };
		DFAD004629F5B6C000EE6874 /* BeatFluxApp.swift */ = {isa = PBXFileReference; lastKnownFileType = sourcecode.swift; path = BeatFluxApp.swift; sourceTree = "<group>"; };
		DFAD004829F5B6C000EE6874 /* HomeView.swift */ = {isa = PBXFileReference; lastKnownFileType = sourcecode.swift; path = HomeView.swift; sourceTree = "<group>"; };
		DFAD004A29F5B6C100EE6874 /* Assets.xcassets */ = {isa = PBXFileReference; lastKnownFileType = folder.assetcatalog; path = Assets.xcassets; sourceTree = "<group>"; };
		DFAD004D29F5B6C100EE6874 /* Preview Assets.xcassets */ = {isa = PBXFileReference; lastKnownFileType = folder.assetcatalog; path = "Preview Assets.xcassets"; sourceTree = "<group>"; };
		DFB08E2129F7EC1A0074A86A /* LoginView.swift */ = {isa = PBXFileReference; lastKnownFileType = sourcecode.swift; path = LoginView.swift; sourceTree = "<group>"; };
		DFBE88BE29FF51DB00572B47 /* LoadingIndicator.swift */ = {isa = PBXFileReference; lastKnownFileType = sourcecode.swift; path = LoadingIndicator.swift; sourceTree = "<group>"; };
		DFBE88D72A03CAB900572B47 /* Info.plist */ = {isa = PBXFileReference; lastKnownFileType = text.plist; path = Info.plist; sourceTree = "<group>"; };
		DFC6661229FA0AA3003227FE /* SignupView.swift */ = {isa = PBXFileReference; lastKnownFileType = sourcecode.swift; path = SignupView.swift; sourceTree = "<group>"; };
		DFC6661429FA0EA4003227FE /* Extensions.swift */ = {isa = PBXFileReference; lastKnownFileType = sourcecode.swift; path = Extensions.swift; sourceTree = "<group>"; };
		DFFA14372A298007009F9275 /* Config.xcconfig */ = {isa = PBXFileReference; lastKnownFileType = text.xcconfig; path = Config.xcconfig; sourceTree = "<group>"; };
		DFFA143B2A298218009F9275 /* RedactedView.swift */ = {isa = PBXFileReference; lastKnownFileType = sourcecode.swift; path = RedactedView.swift; sourceTree = "<group>"; };
		DFFA14402A2A01CF009F9275 /* NetworkStatus.swift */ = {isa = PBXFileReference; lastKnownFileType = sourcecode.swift; path = NetworkStatus.swift; sourceTree = "<group>"; };
		DFFC11EC2A54D3D9001BE252 /* ExportPlaylistView.swift */ = {isa = PBXFileReference; lastKnownFileType = sourcecode.swift; path = ExportPlaylistView.swift; sourceTree = "<group>"; };
		DFFE94CD2A1963ED00615281 /* AuthTextLabel_Element.swift */ = {isa = PBXFileReference; fileEncoding = 4; lastKnownFileType = sourcecode.swift; path = AuthTextLabel_Element.swift; sourceTree = "<group>"; };
		DFFE94CF2A19642200615281 /* SpotifyHandler.swift */ = {isa = PBXFileReference; fileEncoding = 4; lastKnownFileType = sourcecode.swift; path = SpotifyHandler.swift; sourceTree = "<group>"; };
		DFFE94D12A19659B00615281 /* DatabaseHandler.swift */ = {isa = PBXFileReference; lastKnownFileType = sourcecode.swift; path = DatabaseHandler.swift; sourceTree = "<group>"; };
		DFFE94D32A19680E00615281 /* Model.swift */ = {isa = PBXFileReference; lastKnownFileType = sourcecode.swift; path = Model.swift; sourceTree = "<group>"; };
		DFFE94E02A1CD34E00615281 /* BeatFluxViewModel.swift */ = {isa = PBXFileReference; lastKnownFileType = sourcecode.swift; path = BeatFluxViewModel.swift; sourceTree = "<group>"; };
/* End PBXFileReference section */

/* Begin PBXFrameworksBuildPhase section */
		DFAD004029F5B6C000EE6874 /* Frameworks */ = {
			isa = PBXFrameworksBuildPhase;
			buildActionMask = 2147483647;
			files = (
				DF7F9A892A30F4010017E561 /* FirebaseDatabase in Frameworks */,
				DF72E63029FEB487007A6306 /* CombineFirebaseStorage in Frameworks */,
				DF72E62C29FEB487007A6306 /* CombineFirebaseFunctions in Frameworks */,
				DF72E62829FEB487007A6306 /* CombineFirebaseDatabase in Frameworks */,
				DF72E62429FEB487007A6306 /* CombineFirebase in Frameworks */,
				DF72E62E29FEB487007A6306 /* CombineFirebaseRemoteConfig in Frameworks */,
				DF7F9A852A30F4010017E561 /* FirebaseAnalytics in Frameworks */,
				DF4980F42AAFB84E002A35E3 /* NukeVideo in Frameworks */,
				DF4980F22AAFB84E002A35E3 /* NukeUI in Frameworks */,
				DF7F9A8D2A30F4010017E561 /* FirebaseStorage in Frameworks */,
				DF7F9A872A30F4010017E561 /* FirebaseAuth in Frameworks */,
				DF4980EE2AAFB84E002A35E3 /* Nuke in Frameworks */,
				DF4980F72AAFCD34002A35E3 /* Shimmer in Frameworks */,
				DF72E62629FEB487007A6306 /* CombineFirebaseAuth in Frameworks */,
				DFAB03F02A090DAE006B5F7E /* SpotifyAPI in Frameworks */,
				DF412E842ABBA9AE00EBE08E /* Refresher in Frameworks */,
				DF72E62A29FEB487007A6306 /* CombineFirebaseFirestore in Frameworks */,
				DF7F9A8B2A30F4010017E561 /* FirebaseFirestore in Frameworks */,
				DF4980F02AAFB84E002A35E3 /* NukeExtensions in Frameworks */,
			);
			runOnlyForDeploymentPostprocessing = 0;
		};
/* End PBXFrameworksBuildPhase section */

/* Begin PBXGroup section */
		DF44EEA229FBDE480027E3DD /* Views */ = {
			isa = PBXGroup;
			children = (
				DF6A78992A43A84700067D68 /* SpotifyViews */,
				DFA5BCAD2A2DFABC004DB4A3 /* UIKitViews */,
				DFBE88BD29FF51BC00572B47 /* GenericViews */,
				DFA5BCA72A2D7187004DB4A3 /* SettingsViews */,
				DF44EEA429FBDE5E0027E3DD /* AuthenticationViews */,
				DF599E7529FD70A700EBF850 /* InitializationPage.swift */,
				DFAD004829F5B6C000EE6874 /* HomeView.swift */,
				DF604D902AB086A400DCF363 /* IntroIconView.swift */,
			);
			path = Views;
			sourceTree = "<group>";
		};
		DF44EEA329FBDE530027E3DD /* Extensions */ = {
			isa = PBXGroup;
			children = (
				DFC6661429FA0EA4003227FE /* Extensions.swift */,
			);
			path = Extensions;
			sourceTree = "<group>";
		};
		DF44EEA429FBDE5E0027E3DD /* AuthenticationViews */ = {
			isa = PBXGroup;
			children = (
				DF44EEA529FBDE810027E3DD /* Elements */,
				DFB08E2129F7EC1A0074A86A /* LoginView.swift */,
				DFC6661229FA0AA3003227FE /* SignupView.swift */,
				DF44EEAA29FBE2720027E3DD /* WelcomePageView.swift */,
			);
			path = AuthenticationViews;
			sourceTree = "<group>";
		};
		DF44EEA529FBDE810027E3DD /* Elements */ = {
			isa = PBXGroup;
			children = (
				DFFE94CD2A1963ED00615281 /* AuthTextLabel_Element.swift */,
			);
			path = Elements;
			sourceTree = "<group>";
		};
		DF599E7229FC9A1E00EBF850 /* Handlers */ = {
			isa = PBXGroup;
			children = (
				DFFE94CF2A19642200615281 /* SpotifyHandler.swift */,
				DF599E7329FC9A3000EBF850 /* AuthHandler.swift */,
				DFFE94D12A19659B00615281 /* DatabaseHandler.swift */,
				DF469EC02A43420C00BE166C /* ImageLoader.swift */,
			);
			path = Handlers;
			sourceTree = "<group>";
		};
		DF6A78992A43A84700067D68 /* SpotifyViews */ = {
			isa = PBXGroup;
			children = (
				DF6A789A2A43A85E00067D68 /* SpotifyPlaylistListView.swift */,
				DF10E66C2A242EA100D9EFD7 /* SpotifyPopup.swift */,
				DF321D452AB13D52005D8C50 /* PlaylistSnapshotView.swift */,
				DF3F15F52A55F6610032FFEC /* CreateNewPlaylistView.swift */,
				DFFC11EC2A54D3D9001BE252 /* ExportPlaylistView.swift */,
				DF088E782ABD0EEE0002A8E9 /* PlaylistInfoView.swift */,
			);
			path = SpotifyViews;
			sourceTree = "<group>";
		};
		DFA5BCA72A2D7187004DB4A3 /* SettingsViews */ = {
			isa = PBXGroup;
			children = (
				DFA5BCAA2A2D73C1004DB4A3 /* Elements */,
				DF0BDE2A2A27CA2A00C917FA /* SettingsView.swift */,
				DF67A34C2A28162100E3BF89 /* SpotifySettingsView.swift */,
				DFA5BCA82A2D71A6004DB4A3 /* ProfileSettingsView.swift */,
				DF7A385D2AC0DF130049C929 /* SecuritySettingsView.swift */,
			);
			path = SettingsViews;
			sourceTree = "<group>";
		};
		DFA5BCAA2A2D73C1004DB4A3 /* Elements */ = {
			isa = PBXGroup;
			children = (
				DFA5BCAB2A2D73D1004DB4A3 /* SettingsTextLabel_Element.swift */,
			);
			path = Elements;
			sourceTree = "<group>";
		};
		DFA5BCAD2A2DFABC004DB4A3 /* UIKitViews */ = {
			isa = PBXGroup;
			children = (
				DFA5BCAE2A2DFAD2004DB4A3 /* NonDismissableNavigationView.swift */,
			);
			path = UIKitViews;
			sourceTree = "<group>";
		};
		DFAB03E22A045F32006B5F7E /* Model */ = {
			isa = PBXGroup;
			children = (
				DFFE94D32A19680E00615281 /* Model.swift */,
			);
			path = Model;
			sourceTree = "<group>";
		};
		DFAD003A29F5B6C000EE6874 = {
			isa = PBXGroup;
			children = (
				DFAD004529F5B6C000EE6874 /* BeatFlux */,
				DFAD004429F5B6C000EE6874 /* Products */,
			);
			sourceTree = "<group>";
		};
		DFAD004429F5B6C000EE6874 /* Products */ = {
			isa = PBXGroup;
			children = (
				DFAD004329F5B6C000EE6874 /* BeatFlux.app */,
			);
			name = Products;
			sourceTree = "<group>";
		};
		DFAD004529F5B6C000EE6874 /* BeatFlux */ = {
			isa = PBXGroup;
			children = (
				DF3B72812AC268CD00A3EAFB /* BeatFlux.entitlements */,
				DFFA143D2A29830A009F9275 /* Utilities */,
				DFBE88D72A03CAB900572B47 /* Info.plist */,
				DFAB03E22A045F32006B5F7E /* Model */,
				DFBE88CA2A0349A600572B47 /* ViewModels */,
				DF599E7229FC9A1E00EBF850 /* Handlers */,
				DF44EEA329FBDE530027E3DD /* Extensions */,
				DF44EEA229FBDE480027E3DD /* Views */,
				DFAD004629F5B6C000EE6874 /* BeatFluxApp.swift */,
				DFAD004A29F5B6C100EE6874 /* Assets.xcassets */,
				DF599E6529FC990A00EBF850 /* GoogleService-Info.plist */,
				DFAD004C29F5B6C100EE6874 /* Preview Content */,
				DFFA14372A298007009F9275 /* Config.xcconfig */,
			);
			path = BeatFlux;
			sourceTree = "<group>";
		};
		DFAD004C29F5B6C100EE6874 /* Preview Content */ = {
			isa = PBXGroup;
			children = (
				DFAD004D29F5B6C100EE6874 /* Preview Assets.xcassets */,
			);
			path = "Preview Content";
			sourceTree = "<group>";
		};
		DFBE88BD29FF51BC00572B47 /* GenericViews */ = {
			isa = PBXGroup;
			children = (
				DFBE88BE29FF51DB00572B47 /* LoadingIndicator.swift */,
				DF10E66E2A24E89300D9EFD7 /* WebView.swift */,
				DFFA143B2A298218009F9275 /* RedactedView.swift */,
				DF469EC22A43426900BE166C /* AsyncImage.swift */,
				DF0AB5EB2A49F0E400C28366 /* ExitButtonStyle.swift */,
				DF8A77782A4DEA3E00266500 /* FormTitle.swift */,
				DF2A3C792ABA8C6400565B94 /* BannerView.swift */,
			);
			path = GenericViews;
			sourceTree = "<group>";
		};
		DFBE88CA2A0349A600572B47 /* ViewModels */ = {
			isa = PBXGroup;
			children = (
				DFFE94E02A1CD34E00615281 /* BeatFluxViewModel.swift */,
			);
			path = ViewModels;
			sourceTree = "<group>";
		};
		DFFA143D2A29830A009F9275 /* Utilities */ = {
			isa = PBXGroup;
			children = (
				DFFA14402A2A01CF009F9275 /* NetworkStatus.swift */,
			);
			path = Utilities;
			sourceTree = "<group>";
		};
/* End PBXGroup section */

/* Begin PBXNativeTarget section */
		DFAD004229F5B6C000EE6874 /* BeatFlux */ = {
			isa = PBXNativeTarget;
			buildConfigurationList = DFAD005129F5B6C100EE6874 /* Build configuration list for PBXNativeTarget "BeatFlux" */;
			buildPhases = (
				DFAD003F29F5B6C000EE6874 /* Sources */,
				DFAD004029F5B6C000EE6874 /* Frameworks */,
				DFAD004129F5B6C000EE6874 /* Resources */,
			);
			buildRules = (
			);
			dependencies = (
			);
			name = BeatFlux;
			packageProductDependencies = (
				DF72E62329FEB487007A6306 /* CombineFirebase */,
				DF72E62529FEB487007A6306 /* CombineFirebaseAuth */,
				DF72E62729FEB487007A6306 /* CombineFirebaseDatabase */,
				DF72E62929FEB487007A6306 /* CombineFirebaseFirestore */,
				DF72E62B29FEB487007A6306 /* CombineFirebaseFunctions */,
				DF72E62D29FEB487007A6306 /* CombineFirebaseRemoteConfig */,
				DF72E62F29FEB487007A6306 /* CombineFirebaseStorage */,
				DFAB03EF2A090DAE006B5F7E /* SpotifyAPI */,
				DF7F9A842A30F4010017E561 /* FirebaseAnalytics */,
				DF7F9A862A30F4010017E561 /* FirebaseAuth */,
				DF7F9A882A30F4010017E561 /* FirebaseDatabase */,
				DF7F9A8A2A30F4010017E561 /* FirebaseFirestore */,
				DF7F9A8C2A30F4010017E561 /* FirebaseStorage */,
				DF4980ED2AAFB84E002A35E3 /* Nuke */,
				DF4980EF2AAFB84E002A35E3 /* NukeExtensions */,
				DF4980F12AAFB84E002A35E3 /* NukeUI */,
				DF4980F32AAFB84E002A35E3 /* NukeVideo */,
				DF4980F62AAFCD34002A35E3 /* Shimmer */,
				DF412E832ABBA9AE00EBE08E /* Refresher */,
			);
			productName = BeatFlux;
			productReference = DFAD004329F5B6C000EE6874 /* BeatFlux.app */;
			productType = "com.apple.product-type.application";
		};
/* End PBXNativeTarget section */

/* Begin PBXProject section */
		DFAD003B29F5B6C000EE6874 /* Project object */ = {
			isa = PBXProject;
			attributes = {
				BuildIndependentTargetsInParallel = 1;
				LastSwiftUpdateCheck = 1430;
				LastUpgradeCheck = 1500;
				TargetAttributes = {
					DFAD004229F5B6C000EE6874 = {
						CreatedOnToolsVersion = 14.3;
						LastSwiftMigration = 1430;
					};
				};
			};
			buildConfigurationList = DFAD003E29F5B6C000EE6874 /* Build configuration list for PBXProject "BeatFlux" */;
			compatibilityVersion = "Xcode 14.0";
			developmentRegion = en;
			hasScannedForEncodings = 0;
			knownRegions = (
				en,
				Base,
			);
			mainGroup = DFAD003A29F5B6C000EE6874;
			packageReferences = (
				DF72E62229FEB487007A6306 /* XCRemoteSwiftPackageReference "CombineFirebase" */,
				DFAB03EE2A090DAE006B5F7E /* XCRemoteSwiftPackageReference "SpotifyAPI" */,
				DF7F9A832A30F4010017E561 /* XCRemoteSwiftPackageReference "firebase-ios-sdk" */,
				DF4980EC2AAFB84E002A35E3 /* XCRemoteSwiftPackageReference "Nuke" */,
				DF4980F52AAFCD34002A35E3 /* XCRemoteSwiftPackageReference "SwiftUI-Shimmer" */,
				DF412E7E2ABBA6D000EBE08E /* XCRemoteSwiftPackageReference "SwiftUI-Refresher" */,
			);
			productRefGroup = DFAD004429F5B6C000EE6874 /* Products */;
			projectDirPath = "";
			projectRoot = "";
			targets = (
				DFAD004229F5B6C000EE6874 /* BeatFlux */,
			);
		};
/* End PBXProject section */

/* Begin PBXResourcesBuildPhase section */
		DFAD004129F5B6C000EE6874 /* Resources */ = {
			isa = PBXResourcesBuildPhase;
			buildActionMask = 2147483647;
			files = (
				DFAD004E29F5B6C100EE6874 /* Preview Assets.xcassets in Resources */,
				DFAD004B29F5B6C100EE6874 /* Assets.xcassets in Resources */,
				DF599E6629FC990A00EBF850 /* GoogleService-Info.plist in Resources */,
			);
			runOnlyForDeploymentPostprocessing = 0;
		};
/* End PBXResourcesBuildPhase section */

/* Begin PBXSourcesBuildPhase section */
		DFAD003F29F5B6C000EE6874 /* Sources */ = {
			isa = PBXSourcesBuildPhase;
			buildActionMask = 2147483647;
			files = (
				DFFE94D02A19642200615281 /* SpotifyHandler.swift in Sources */,
				DF321D462AB13D52005D8C50 /* PlaylistSnapshotView.swift in Sources */,
				DF10E66F2A24E89300D9EFD7 /* WebView.swift in Sources */,
				DFC6661529FA0EA4003227FE /* Extensions.swift in Sources */,
				DFFE94D42A19680E00615281 /* Model.swift in Sources */,
				DFFC11ED2A54D3D9001BE252 /* ExportPlaylistView.swift in Sources */,
				DFFE94CE2A1963ED00615281 /* AuthTextLabel_Element.swift in Sources */,
				DF0BDE2B2A27CA2A00C917FA /* SettingsView.swift in Sources */,
				DF2A3C7A2ABA8C6400565B94 /* BannerView.swift in Sources */,
				DFA5BCA92A2D71A6004DB4A3 /* ProfileSettingsView.swift in Sources */,
				DFFE94D22A19659B00615281 /* DatabaseHandler.swift in Sources */,
				DFC6661329FA0AA3003227FE /* SignupView.swift in Sources */,
				DFA5BCAC2A2D73D1004DB4A3 /* SettingsTextLabel_Element.swift in Sources */,
				DF6A789B2A43A85E00067D68 /* SpotifyPlaylistListView.swift in Sources */,
				DF088E792ABD0EEE0002A8E9 /* PlaylistInfoView.swift in Sources */,
				DFFA14412A2A01CF009F9275 /* NetworkStatus.swift in Sources */,
				DFBE88BF29FF51DB00572B47 /* LoadingIndicator.swift in Sources */,
				DFFA143C2A298218009F9275 /* RedactedView.swift in Sources */,
				DF10E66D2A242EA100D9EFD7 /* SpotifyPopup.swift in Sources */,
				DF8A77792A4DEA3E00266500 /* FormTitle.swift in Sources */,
				DFAD004929F5B6C000EE6874 /* HomeView.swift in Sources */,
				DF599E7429FC9A3000EBF850 /* AuthHandler.swift in Sources */,
				DF469EC12A43420C00BE166C /* ImageLoader.swift in Sources */,
				DFA5BCAF2A2DFAD2004DB4A3 /* NonDismissableNavigationView.swift in Sources */,
				DF3F15F62A55F6610032FFEC /* CreateNewPlaylistView.swift in Sources */,
				DFFE94E12A1CD34E00615281 /* BeatFluxViewModel.swift in Sources */,
				DFAD004729F5B6C000EE6874 /* BeatFluxApp.swift in Sources */,
				DF67A34D2A28162100E3BF89 /* SpotifySettingsView.swift in Sources */,
				DF599E7629FD70A700EBF850 /* InitializationPage.swift in Sources */,
				DF44EEAB29FBE2720027E3DD /* WelcomePageView.swift in Sources */,
				DF469EC32A43426900BE166C /* AsyncImage.swift in Sources */,
				DFB08E2229F7EC1A0074A86A /* LoginView.swift in Sources */,
				DF604D912AB086A400DCF363 /* IntroIconView.swift in Sources */,
				DF7A385E2AC0DF130049C929 /* SecuritySettingsView.swift in Sources */,
				DF0AB5EC2A49F0E400C28366 /* ExitButtonStyle.swift in Sources */,
			);
			runOnlyForDeploymentPostprocessing = 0;
		};
/* End PBXSourcesBuildPhase section */

/* Begin XCBuildConfiguration section */
		DFAD004F29F5B6C100EE6874 /* Debug */ = {
			isa = XCBuildConfiguration;
			baseConfigurationReference = DFFA14372A298007009F9275 /* Config.xcconfig */;
			buildSettings = {
				ALWAYS_SEARCH_USER_PATHS = NO;
				CLANG_ANALYZER_NONNULL = YES;
				CLANG_ANALYZER_NUMBER_OBJECT_CONVERSION = YES_AGGRESSIVE;
				CLANG_CXX_LANGUAGE_STANDARD = "gnu++20";
				CLANG_ENABLE_MODULES = YES;
				CLANG_ENABLE_OBJC_ARC = YES;
				CLANG_ENABLE_OBJC_WEAK = YES;
				CLANG_WARN_BLOCK_CAPTURE_AUTORELEASING = YES;
				CLANG_WARN_BOOL_CONVERSION = YES;
				CLANG_WARN_COMMA = YES;
				CLANG_WARN_CONSTANT_CONVERSION = YES;
				CLANG_WARN_DEPRECATED_OBJC_IMPLEMENTATIONS = YES;
				CLANG_WARN_DIRECT_OBJC_ISA_USAGE = YES_ERROR;
				CLANG_WARN_DOCUMENTATION_COMMENTS = YES;
				CLANG_WARN_EMPTY_BODY = YES;
				CLANG_WARN_ENUM_CONVERSION = YES;
				CLANG_WARN_INFINITE_RECURSION = YES;
				CLANG_WARN_INT_CONVERSION = YES;
				CLANG_WARN_NON_LITERAL_NULL_CONVERSION = YES;
				CLANG_WARN_OBJC_IMPLICIT_RETAIN_SELF = YES;
				CLANG_WARN_OBJC_LITERAL_CONVERSION = YES;
				CLANG_WARN_OBJC_ROOT_CLASS = YES_ERROR;
				CLANG_WARN_QUOTED_INCLUDE_IN_FRAMEWORK_HEADER = YES;
				CLANG_WARN_RANGE_LOOP_ANALYSIS = YES;
				CLANG_WARN_STRICT_PROTOTYPES = YES;
				CLANG_WARN_SUSPICIOUS_MOVE = YES;
				CLANG_WARN_UNGUARDED_AVAILABILITY = YES_AGGRESSIVE;
				CLANG_WARN_UNREACHABLE_CODE = YES;
				CLANG_WARN__DUPLICATE_METHOD_MATCH = YES;
				COPY_PHASE_STRIP = NO;
				DEBUG_INFORMATION_FORMAT = dwarf;
				ENABLE_STRICT_OBJC_MSGSEND = YES;
				ENABLE_TESTABILITY = YES;
				ENABLE_USER_SCRIPT_SANDBOXING = YES;
				GCC_C_LANGUAGE_STANDARD = gnu11;
				GCC_DYNAMIC_NO_PIC = NO;
				GCC_NO_COMMON_BLOCKS = YES;
				GCC_OPTIMIZATION_LEVEL = 0;
				GCC_PREPROCESSOR_DEFINITIONS = (
					"DEBUG=1",
					"$(inherited)",
				);
				GCC_WARN_64_TO_32_BIT_CONVERSION = YES;
				GCC_WARN_ABOUT_RETURN_TYPE = YES_ERROR;
				GCC_WARN_UNDECLARED_SELECTOR = YES;
				GCC_WARN_UNINITIALIZED_AUTOS = YES_AGGRESSIVE;
				GCC_WARN_UNUSED_FUNCTION = YES;
				GCC_WARN_UNUSED_VARIABLE = YES;
				IPHONEOS_DEPLOYMENT_TARGET = 16.0;
				MTL_ENABLE_DEBUG_INFO = INCLUDE_SOURCE;
				MTL_FAST_MATH = YES;
				ONLY_ACTIVE_ARCH = YES;
				SDKROOT = iphoneos;
				SWIFT_ACTIVE_COMPILATION_CONDITIONS = DEBUG;
				SWIFT_OPTIMIZATION_LEVEL = "-Onone";
			};
			name = Debug;
		};
		DFAD005029F5B6C100EE6874 /* Release */ = {
			isa = XCBuildConfiguration;
			baseConfigurationReference = DFFA14372A298007009F9275 /* Config.xcconfig */;
			buildSettings = {
				ALWAYS_SEARCH_USER_PATHS = NO;
				CLANG_ANALYZER_NONNULL = YES;
				CLANG_ANALYZER_NUMBER_OBJECT_CONVERSION = YES_AGGRESSIVE;
				CLANG_CXX_LANGUAGE_STANDARD = "gnu++20";
				CLANG_ENABLE_MODULES = YES;
				CLANG_ENABLE_OBJC_ARC = YES;
				CLANG_ENABLE_OBJC_WEAK = YES;
				CLANG_WARN_BLOCK_CAPTURE_AUTORELEASING = YES;
				CLANG_WARN_BOOL_CONVERSION = YES;
				CLANG_WARN_COMMA = YES;
				CLANG_WARN_CONSTANT_CONVERSION = YES;
				CLANG_WARN_DEPRECATED_OBJC_IMPLEMENTATIONS = YES;
				CLANG_WARN_DIRECT_OBJC_ISA_USAGE = YES_ERROR;
				CLANG_WARN_DOCUMENTATION_COMMENTS = YES;
				CLANG_WARN_EMPTY_BODY = YES;
				CLANG_WARN_ENUM_CONVERSION = YES;
				CLANG_WARN_INFINITE_RECURSION = YES;
				CLANG_WARN_INT_CONVERSION = YES;
				CLANG_WARN_NON_LITERAL_NULL_CONVERSION = YES;
				CLANG_WARN_OBJC_IMPLICIT_RETAIN_SELF = YES;
				CLANG_WARN_OBJC_LITERAL_CONVERSION = YES;
				CLANG_WARN_OBJC_ROOT_CLASS = YES_ERROR;
				CLANG_WARN_QUOTED_INCLUDE_IN_FRAMEWORK_HEADER = YES;
				CLANG_WARN_RANGE_LOOP_ANALYSIS = YES;
				CLANG_WARN_STRICT_PROTOTYPES = YES;
				CLANG_WARN_SUSPICIOUS_MOVE = YES;
				CLANG_WARN_UNGUARDED_AVAILABILITY = YES_AGGRESSIVE;
				CLANG_WARN_UNREACHABLE_CODE = YES;
				CLANG_WARN__DUPLICATE_METHOD_MATCH = YES;
				COPY_PHASE_STRIP = NO;
				DEBUG_INFORMATION_FORMAT = "dwarf-with-dsym";
				ENABLE_NS_ASSERTIONS = NO;
				ENABLE_STRICT_OBJC_MSGSEND = YES;
				ENABLE_USER_SCRIPT_SANDBOXING = YES;
				GCC_C_LANGUAGE_STANDARD = gnu11;
				GCC_NO_COMMON_BLOCKS = YES;
				GCC_WARN_64_TO_32_BIT_CONVERSION = YES;
				GCC_WARN_ABOUT_RETURN_TYPE = YES_ERROR;
				GCC_WARN_UNDECLARED_SELECTOR = YES;
				GCC_WARN_UNINITIALIZED_AUTOS = YES_AGGRESSIVE;
				GCC_WARN_UNUSED_FUNCTION = YES;
				GCC_WARN_UNUSED_VARIABLE = YES;
				IPHONEOS_DEPLOYMENT_TARGET = 16.0;
				MTL_ENABLE_DEBUG_INFO = NO;
				MTL_FAST_MATH = YES;
				SDKROOT = iphoneos;
				SWIFT_COMPILATION_MODE = wholemodule;
				SWIFT_OPTIMIZATION_LEVEL = "-O";
				VALIDATE_PRODUCT = YES;
			};
			name = Release;
		};
		DFAD005229F5B6C100EE6874 /* Debug */ = {
			isa = XCBuildConfiguration;
			buildSettings = {
				ASSETCATALOG_COMPILER_APPICON_NAME = AppIcon;
				ASSETCATALOG_COMPILER_GLOBAL_ACCENT_COLOR_NAME = AccentColor;
				CLANG_ENABLE_MODULES = YES;
				CODE_SIGN_ENTITLEMENTS = BeatFlux/BeatFlux.entitlements;
				CODE_SIGN_IDENTITY = "Apple Development";
				CODE_SIGN_STYLE = Automatic;
				CURRENT_PROJECT_VERSION = 1;
				DEVELOPMENT_ASSET_PATHS = "\"BeatFlux/Preview Content\"";
				DEVELOPMENT_TEAM = 8DTP7GJ5ZJ;
				ENABLE_PREVIEWS = YES;
				FRAMEWORK_SEARCH_PATHS = (
					"$(inherited)",
					"$(PROJECT_DIR)",
				);
				GENERATE_INFOPLIST_FILE = YES;
				INFOPLIST_FILE = BeatFlux/Info.plist;
				INFOPLIST_KEY_UIApplicationSceneManifest_Generation = YES;
				INFOPLIST_KEY_UIApplicationSupportsIndirectInputEvents = YES;
				INFOPLIST_KEY_UILaunchScreen_Generation = YES;
				INFOPLIST_KEY_UISupportedInterfaceOrientations = UIInterfaceOrientationPortrait;
				INFOPLIST_KEY_UISupportedInterfaceOrientations_iPad = "UIInterfaceOrientationLandscapeLeft UIInterfaceOrientationLandscapeRight UIInterfaceOrientationPortrait UIInterfaceOrientationPortraitUpsideDown";
				IPHONEOS_DEPLOYMENT_TARGET = 16.0;
				LD_RUNPATH_SEARCH_PATHS = (
					"$(inherited)",
					"@executable_path/Frameworks",
				);
				MARKETING_VERSION = 1.0;
				OTHER_LDFLAGS = "-ObjC";
				PRODUCT_BUNDLE_IDENTIFIER = com.beatflux.BeatFlux;
				PRODUCT_NAME = "$(TARGET_NAME)";
				PROVISIONING_PROFILE_SPECIFIER = "";
				SWIFT_EMIT_LOC_STRINGS = YES;
				SWIFT_OBJC_BRIDGING_HEADER = "";
				SWIFT_OPTIMIZATION_LEVEL = "-Onone";
				SWIFT_VERSION = 5.0;
				TARGETED_DEVICE_FAMILY = "1,2";
			};
			name = Debug;
		};
		DFAD005329F5B6C100EE6874 /* Release */ = {
			isa = XCBuildConfiguration;
			buildSettings = {
				ASSETCATALOG_COMPILER_APPICON_NAME = AppIcon;
				ASSETCATALOG_COMPILER_GLOBAL_ACCENT_COLOR_NAME = AccentColor;
				CLANG_ENABLE_MODULES = YES;
				CODE_SIGN_ENTITLEMENTS = BeatFlux/BeatFlux.entitlements;
				CODE_SIGN_IDENTITY = "Apple Development";
				CODE_SIGN_STYLE = Automatic;
				CURRENT_PROJECT_VERSION = 1;
				DEVELOPMENT_ASSET_PATHS = "\"BeatFlux/Preview Content\"";
				DEVELOPMENT_TEAM = 8DTP7GJ5ZJ;
				ENABLE_PREVIEWS = YES;
				FRAMEWORK_SEARCH_PATHS = (
					"$(inherited)",
					"$(PROJECT_DIR)",
				);
				GENERATE_INFOPLIST_FILE = YES;
				INFOPLIST_FILE = BeatFlux/Info.plist;
				INFOPLIST_KEY_UIApplicationSceneManifest_Generation = YES;
				INFOPLIST_KEY_UIApplicationSupportsIndirectInputEvents = YES;
				INFOPLIST_KEY_UILaunchScreen_Generation = YES;
				INFOPLIST_KEY_UISupportedInterfaceOrientations = UIInterfaceOrientationPortrait;
				INFOPLIST_KEY_UISupportedInterfaceOrientations_iPad = "UIInterfaceOrientationLandscapeLeft UIInterfaceOrientationLandscapeRight UIInterfaceOrientationPortrait UIInterfaceOrientationPortraitUpsideDown";
				IPHONEOS_DEPLOYMENT_TARGET = 16.0;
				LD_RUNPATH_SEARCH_PATHS = (
					"$(inherited)",
					"@executable_path/Frameworks",
				);
				MARKETING_VERSION = 1.0;
				OTHER_LDFLAGS = "-ObjC";
				PRODUCT_BUNDLE_IDENTIFIER = com.beatflux.BeatFlux;
				PRODUCT_NAME = "$(TARGET_NAME)";
				PROVISIONING_PROFILE_SPECIFIER = "";
				SWIFT_EMIT_LOC_STRINGS = YES;
				SWIFT_OBJC_BRIDGING_HEADER = "";
				SWIFT_VERSION = 5.0;
				TARGETED_DEVICE_FAMILY = "1,2";
			};
			name = Release;
		};
/* End XCBuildConfiguration section */

/* Begin XCConfigurationList section */
		DFAD003E29F5B6C000EE6874 /* Build configuration list for PBXProject "BeatFlux" */ = {
			isa = XCConfigurationList;
			buildConfigurations = (
				DFAD004F29F5B6C100EE6874 /* Debug */,
				DFAD005029F5B6C100EE6874 /* Release */,
			);
			defaultConfigurationIsVisible = 0;
			defaultConfigurationName = Release;
		};
		DFAD005129F5B6C100EE6874 /* Build configuration list for PBXNativeTarget "BeatFlux" */ = {
			isa = XCConfigurationList;
			buildConfigurations = (
				DFAD005229F5B6C100EE6874 /* Debug */,
				DFAD005329F5B6C100EE6874 /* Release */,
			);
			defaultConfigurationIsVisible = 0;
			defaultConfigurationName = Release;
		};
/* End XCConfigurationList section */

/* Begin XCRemoteSwiftPackageReference section */
		DF412E7E2ABBA6D000EBE08E /* XCRemoteSwiftPackageReference "SwiftUI-Refresher" */ = {
			isa = XCRemoteSwiftPackageReference;
			repositoryURL = "https://github.com/gh123man/SwiftUI-Refresher.git";
			requirement = {
				kind = upToNextMajorVersion;
				minimumVersion = 1.1.0;
			};
		};
		DF4980EC2AAFB84E002A35E3 /* XCRemoteSwiftPackageReference "Nuke" */ = {
			isa = XCRemoteSwiftPackageReference;
			repositoryURL = "https://github.com/kean/Nuke.git";
			requirement = {
				kind = upToNextMajorVersion;
				minimumVersion = 12.1.6;
			};
		};
		DF4980F52AAFCD34002A35E3 /* XCRemoteSwiftPackageReference "SwiftUI-Shimmer" */ = {
			isa = XCRemoteSwiftPackageReference;
			repositoryURL = "https://github.com/markiv/SwiftUI-Shimmer.git";
			requirement = {
				kind = upToNextMajorVersion;
				minimumVersion = 1.4.0;
			};
		};
		DF72E62229FEB487007A6306 /* XCRemoteSwiftPackageReference "CombineFirebase" */ = {
			isa = XCRemoteSwiftPackageReference;
			repositoryURL = "https://github.com/rever-ai/CombineFirebase";
			requirement = {
				kind = upToNextMajorVersion;
				minimumVersion = 0.3.3;
			};
		};
		DF7F9A832A30F4010017E561 /* XCRemoteSwiftPackageReference "firebase-ios-sdk" */ = {
			isa = XCRemoteSwiftPackageReference;
			repositoryURL = "https://github.com/firebase/firebase-ios-sdk";
			requirement = {
				kind = upToNextMajorVersion;
				minimumVersion = 10.11.0;
			};
		};
		DFAB03EE2A090DAE006B5F7E /* XCRemoteSwiftPackageReference "SpotifyAPI" */ = {
			isa = XCRemoteSwiftPackageReference;
			repositoryURL = "https://github.com/Peter-Schorn/SpotifyAPI.git";
			requirement = {
				kind = upToNextMajorVersion;
				minimumVersion = 2.0.0;
			};
		};
/* End XCRemoteSwiftPackageReference section */

/* Begin XCSwiftPackageProductDependency section */
		DF412E832ABBA9AE00EBE08E /* Refresher */ = {
			isa = XCSwiftPackageProductDependency;
			package = DF412E7E2ABBA6D000EBE08E /* XCRemoteSwiftPackageReference "SwiftUI-Refresher" */;
			productName = Refresher;
		};
		DF4980ED2AAFB84E002A35E3 /* Nuke */ = {
			isa = XCSwiftPackageProductDependency;
			package = DF4980EC2AAFB84E002A35E3 /* XCRemoteSwiftPackageReference "Nuke" */;
			productName = Nuke;
		};
		DF4980EF2AAFB84E002A35E3 /* NukeExtensions */ = {
			isa = XCSwiftPackageProductDependency;
			package = DF4980EC2AAFB84E002A35E3 /* XCRemoteSwiftPackageReference "Nuke" */;
			productName = NukeExtensions;
		};
		DF4980F12AAFB84E002A35E3 /* NukeUI */ = {
			isa = XCSwiftPackageProductDependency;
			package = DF4980EC2AAFB84E002A35E3 /* XCRemoteSwiftPackageReference "Nuke" */;
			productName = NukeUI;
		};
		DF4980F32AAFB84E002A35E3 /* NukeVideo */ = {
			isa = XCSwiftPackageProductDependency;
			package = DF4980EC2AAFB84E002A35E3 /* XCRemoteSwiftPackageReference "Nuke" */;
			productName = NukeVideo;
		};
		DF4980F62AAFCD34002A35E3 /* Shimmer */ = {
			isa = XCSwiftPackageProductDependency;
			package = DF4980F52AAFCD34002A35E3 /* XCRemoteSwiftPackageReference "SwiftUI-Shimmer" */;
			productName = Shimmer;
		};
		DF72E62329FEB487007A6306 /* CombineFirebase */ = {
			isa = XCSwiftPackageProductDependency;
			package = DF72E62229FEB487007A6306 /* XCRemoteSwiftPackageReference "CombineFirebase" */;
			productName = CombineFirebase;
		};
		DF72E62529FEB487007A6306 /* CombineFirebaseAuth */ = {
			isa = XCSwiftPackageProductDependency;
			package = DF72E62229FEB487007A6306 /* XCRemoteSwiftPackageReference "CombineFirebase" */;
			productName = CombineFirebaseAuth;
		};
		DF72E62729FEB487007A6306 /* CombineFirebaseDatabase */ = {
			isa = XCSwiftPackageProductDependency;
			package = DF72E62229FEB487007A6306 /* XCRemoteSwiftPackageReference "CombineFirebase" */;
			productName = CombineFirebaseDatabase;
		};
		DF72E62929FEB487007A6306 /* CombineFirebaseFirestore */ = {
			isa = XCSwiftPackageProductDependency;
			package = DF72E62229FEB487007A6306 /* XCRemoteSwiftPackageReference "CombineFirebase" */;
			productName = CombineFirebaseFirestore;
		};
		DF72E62B29FEB487007A6306 /* CombineFirebaseFunctions */ = {
			isa = XCSwiftPackageProductDependency;
			package = DF72E62229FEB487007A6306 /* XCRemoteSwiftPackageReference "CombineFirebase" */;
			productName = CombineFirebaseFunctions;
		};
		DF72E62D29FEB487007A6306 /* CombineFirebaseRemoteConfig */ = {
			isa = XCSwiftPackageProductDependency;
			package = DF72E62229FEB487007A6306 /* XCRemoteSwiftPackageReference "CombineFirebase" */;
			productName = CombineFirebaseRemoteConfig;
		};
		DF72E62F29FEB487007A6306 /* CombineFirebaseStorage */ = {
			isa = XCSwiftPackageProductDependency;
			package = DF72E62229FEB487007A6306 /* XCRemoteSwiftPackageReference "CombineFirebase" */;
			productName = CombineFirebaseStorage;
		};
		DF7F9A842A30F4010017E561 /* FirebaseAnalytics */ = {
			isa = XCSwiftPackageProductDependency;
			package = DF7F9A832A30F4010017E561 /* XCRemoteSwiftPackageReference "firebase-ios-sdk" */;
			productName = FirebaseAnalytics;
		};
		DF7F9A862A30F4010017E561 /* FirebaseAuth */ = {
			isa = XCSwiftPackageProductDependency;
			package = DF7F9A832A30F4010017E561 /* XCRemoteSwiftPackageReference "firebase-ios-sdk" */;
			productName = FirebaseAuth;
		};
		DF7F9A882A30F4010017E561 /* FirebaseDatabase */ = {
			isa = XCSwiftPackageProductDependency;
			package = DF7F9A832A30F4010017E561 /* XCRemoteSwiftPackageReference "firebase-ios-sdk" */;
			productName = FirebaseDatabase;
		};
		DF7F9A8A2A30F4010017E561 /* FirebaseFirestore */ = {
			isa = XCSwiftPackageProductDependency;
			package = DF7F9A832A30F4010017E561 /* XCRemoteSwiftPackageReference "firebase-ios-sdk" */;
			productName = FirebaseFirestore;
		};
		DF7F9A8C2A30F4010017E561 /* FirebaseStorage */ = {
			isa = XCSwiftPackageProductDependency;
			package = DF7F9A832A30F4010017E561 /* XCRemoteSwiftPackageReference "firebase-ios-sdk" */;
			productName = FirebaseStorage;
		};
		DFAB03EF2A090DAE006B5F7E /* SpotifyAPI */ = {
			isa = XCSwiftPackageProductDependency;
			package = DFAB03EE2A090DAE006B5F7E /* XCRemoteSwiftPackageReference "SpotifyAPI" */;
			productName = SpotifyAPI;
		};
/* End XCSwiftPackageProductDependency section */
	};
	rootObject = DFAD003B29F5B6C000EE6874 /* Project object */;
}
