// !$*UTF8*$!
{
	archiveVersion = 1;
	classes = {
	};
	objectVersion = 56;
	objects = {

/* Begin PBXBuildFile section */
		DF0BDE2B2A27CA2A00C917FA /* SettingsView.swift in Sources */ = {isa = PBXBuildFile; fileRef = DF0BDE2A2A27CA2A00C917FA /* SettingsView.swift */; };
		DF10E66D2A242EA100D9EFD7 /* SpotifyPopup.swift in Sources */ = {isa = PBXBuildFile; fileRef = DF10E66C2A242EA100D9EFD7 /* SpotifyPopup.swift */; };
		DF10E66F2A24E89300D9EFD7 /* WebView.swift in Sources */ = {isa = PBXBuildFile; fileRef = DF10E66E2A24E89300D9EFD7 /* WebView.swift */; };
		DF44EEAB29FBE2720027E3DD /* WelcomePageView.swift in Sources */ = {isa = PBXBuildFile; fileRef = DF44EEAA29FBE2720027E3DD /* WelcomePageView.swift */; };
		DF599E6629FC990A00EBF850 /* GoogleService-Info.plist in Resources */ = {isa = PBXBuildFile; fileRef = DF599E6529FC990A00EBF850 /* GoogleService-Info.plist */; };
		DF599E7429FC9A3000EBF850 /* AuthHandler.swift in Sources */ = {isa = PBXBuildFile; fileRef = DF599E7329FC9A3000EBF850 /* AuthHandler.swift */; };
		DF599E7629FD70A700EBF850 /* InitializationPage.swift in Sources */ = {isa = PBXBuildFile; fileRef = DF599E7529FD70A700EBF850 /* InitializationPage.swift */; };
		DF67A34D2A28162100E3BF89 /* SpotifySettingsView.swift in Sources */ = {isa = PBXBuildFile; fileRef = DF67A34C2A28162100E3BF89 /* SpotifySettingsView.swift */; };
		DF72E62429FEB487007A6306 /* CombineFirebase in Frameworks */ = {isa = PBXBuildFile; productRef = DF72E62329FEB487007A6306 /* CombineFirebase */; };
		DF72E62629FEB487007A6306 /* CombineFirebaseAuth in Frameworks */ = {isa = PBXBuildFile; productRef = DF72E62529FEB487007A6306 /* CombineFirebaseAuth */; };
		DF72E62829FEB487007A6306 /* CombineFirebaseDatabase in Frameworks */ = {isa = PBXBuildFile; productRef = DF72E62729FEB487007A6306 /* CombineFirebaseDatabase */; };
		DF72E62A29FEB487007A6306 /* CombineFirebaseFirestore in Frameworks */ = {isa = PBXBuildFile; productRef = DF72E62929FEB487007A6306 /* CombineFirebaseFirestore */; };
		DF72E62C29FEB487007A6306 /* CombineFirebaseFunctions in Frameworks */ = {isa = PBXBuildFile; productRef = DF72E62B29FEB487007A6306 /* CombineFirebaseFunctions */; };
		DF72E62E29FEB487007A6306 /* CombineFirebaseRemoteConfig in Frameworks */ = {isa = PBXBuildFile; productRef = DF72E62D29FEB487007A6306 /* CombineFirebaseRemoteConfig */; };
		DF72E63029FEB487007A6306 /* CombineFirebaseStorage in Frameworks */ = {isa = PBXBuildFile; productRef = DF72E62F29FEB487007A6306 /* CombineFirebaseStorage */; };
		DFAB03F02A090DAE006B5F7E /* SpotifyAPI in Frameworks */ = {isa = PBXBuildFile; productRef = DFAB03EF2A090DAE006B5F7E /* SpotifyAPI */; };
		DFAB03F32A09C871006B5F7E /* KeychainAccess in Frameworks */ = {isa = PBXBuildFile; productRef = DFAB03F22A09C871006B5F7E /* KeychainAccess */; };
		DFAD004729F5B6C000EE6874 /* BeatFluxApp.swift in Sources */ = {isa = PBXBuildFile; fileRef = DFAD004629F5B6C000EE6874 /* BeatFluxApp.swift */; };
		DFAD004929F5B6C000EE6874 /* HomeView.swift in Sources */ = {isa = PBXBuildFile; fileRef = DFAD004829F5B6C000EE6874 /* HomeView.swift */; };
		DFAD004B29F5B6C100EE6874 /* Assets.xcassets in Resources */ = {isa = PBXBuildFile; fileRef = DFAD004A29F5B6C100EE6874 /* Assets.xcassets */; };
		DFAD004E29F5B6C100EE6874 /* Preview Assets.xcassets in Resources */ = {isa = PBXBuildFile; fileRef = DFAD004D29F5B6C100EE6874 /* Preview Assets.xcassets */; };
		DFB08E2229F7EC1A0074A86A /* LoginView.swift in Sources */ = {isa = PBXBuildFile; fileRef = DFB08E2129F7EC1A0074A86A /* LoginView.swift */; };
		DFBE88BF29FF51DB00572B47 /* LoadingIndicator.swift in Sources */ = {isa = PBXBuildFile; fileRef = DFBE88BE29FF51DB00572B47 /* LoadingIndicator.swift */; };
		DFC6661329FA0AA3003227FE /* SignupView.swift in Sources */ = {isa = PBXBuildFile; fileRef = DFC6661229FA0AA3003227FE /* SignupView.swift */; };
		DFC6661529FA0EA4003227FE /* Extensions.swift in Sources */ = {isa = PBXBuildFile; fileRef = DFC6661429FA0EA4003227FE /* Extensions.swift */; };
		DFFE94CE2A1963ED00615281 /* AuthTextLabel_Element.swift in Sources */ = {isa = PBXBuildFile; fileRef = DFFE94CD2A1963ED00615281 /* AuthTextLabel_Element.swift */; };
		DFFE94D02A19642200615281 /* SpotifyHandler.swift in Sources */ = {isa = PBXBuildFile; fileRef = DFFE94CF2A19642200615281 /* SpotifyHandler.swift */; };
		DFFE94D22A19659B00615281 /* DatabaseHandler.swift in Sources */ = {isa = PBXBuildFile; fileRef = DFFE94D12A19659B00615281 /* DatabaseHandler.swift */; };
		DFFE94D42A19680E00615281 /* Model.swift in Sources */ = {isa = PBXBuildFile; fileRef = DFFE94D32A19680E00615281 /* Model.swift */; };
		DFFE94D72A1C4E3D00615281 /* FirebaseAnalytics in Frameworks */ = {isa = PBXBuildFile; productRef = DFFE94D62A1C4E3D00615281 /* FirebaseAnalytics */; };
		DFFE94D92A1C4E3D00615281 /* FirebaseAuth in Frameworks */ = {isa = PBXBuildFile; productRef = DFFE94D82A1C4E3D00615281 /* FirebaseAuth */; };
		DFFE94DB2A1C4E3D00615281 /* FirebaseDatabase in Frameworks */ = {isa = PBXBuildFile; productRef = DFFE94DA2A1C4E3D00615281 /* FirebaseDatabase */; };
		DFFE94DD2A1C4E3D00615281 /* FirebaseFirestore in Frameworks */ = {isa = PBXBuildFile; productRef = DFFE94DC2A1C4E3D00615281 /* FirebaseFirestore */; };
		DFFE94DF2A1C4E3D00615281 /* FirebaseStorage in Frameworks */ = {isa = PBXBuildFile; productRef = DFFE94DE2A1C4E3D00615281 /* FirebaseStorage */; };
		DFFE94E12A1CD34E00615281 /* BeatFluxViewModel.swift in Sources */ = {isa = PBXBuildFile; fileRef = DFFE94E02A1CD34E00615281 /* BeatFluxViewModel.swift */; };
/* End PBXBuildFile section */

/* Begin PBXFileReference section */
		DF0BDE2A2A27CA2A00C917FA /* SettingsView.swift */ = {isa = PBXFileReference; lastKnownFileType = sourcecode.swift; path = SettingsView.swift; sourceTree = "<group>"; };
		DF10E66C2A242EA100D9EFD7 /* SpotifyPopup.swift */ = {isa = PBXFileReference; lastKnownFileType = sourcecode.swift; path = SpotifyPopup.swift; sourceTree = "<group>"; };
		DF10E66E2A24E89300D9EFD7 /* WebView.swift */ = {isa = PBXFileReference; lastKnownFileType = sourcecode.swift; path = WebView.swift; sourceTree = "<group>"; };
		DF44EEAA29FBE2720027E3DD /* WelcomePageView.swift */ = {isa = PBXFileReference; lastKnownFileType = sourcecode.swift; path = WelcomePageView.swift; sourceTree = "<group>"; };
		DF599E6529FC990A00EBF850 /* GoogleService-Info.plist */ = {isa = PBXFileReference; fileEncoding = 4; lastKnownFileType = text.plist.xml; path = "GoogleService-Info.plist"; sourceTree = "<group>"; };
		DF599E7329FC9A3000EBF850 /* AuthHandler.swift */ = {isa = PBXFileReference; lastKnownFileType = sourcecode.swift; path = AuthHandler.swift; sourceTree = "<group>"; };
		DF599E7529FD70A700EBF850 /* InitializationPage.swift */ = {isa = PBXFileReference; lastKnownFileType = sourcecode.swift; path = InitializationPage.swift; sourceTree = "<group>"; };
		DF67A34C2A28162100E3BF89 /* SpotifySettingsView.swift */ = {isa = PBXFileReference; lastKnownFileType = sourcecode.swift; path = SpotifySettingsView.swift; sourceTree = "<group>"; };
		DFAD004329F5B6C000EE6874 /* BeatFlux.app */ = {isa = PBXFileReference; explicitFileType = wrapper.application; includeInIndex = 0; path = BeatFlux.app; sourceTree = BUILT_PRODUCTS_DIR; };
		DFAD004629F5B6C000EE6874 /* BeatFluxApp.swift */ = {isa = PBXFileReference; lastKnownFileType = sourcecode.swift; path = BeatFluxApp.swift; sourceTree = "<group>"; };
		DFAD004829F5B6C000EE6874 /* HomeView.swift */ = {isa = PBXFileReference; lastKnownFileType = sourcecode.swift; path = HomeView.swift; sourceTree = "<group>"; };
		DFAD004A29F5B6C100EE6874 /* Assets.xcassets */ = {isa = PBXFileReference; lastKnownFileType = folder.assetcatalog; path = Assets.xcassets; sourceTree = "<group>"; };
		DFAD004D29F5B6C100EE6874 /* Preview Assets.xcassets */ = {isa = PBXFileReference; lastKnownFileType = folder.assetcatalog; path = "Preview Assets.xcassets"; sourceTree = "<group>"; };
		DFB08E2129F7EC1A0074A86A /* LoginView.swift */ = {isa = PBXFileReference; lastKnownFileType = sourcecode.swift; path = LoginView.swift; sourceTree = "<group>"; };
		DFBE88BE29FF51DB00572B47 /* LoadingIndicator.swift */ = {isa = PBXFileReference; lastKnownFileType = sourcecode.swift; path = LoadingIndicator.swift; sourceTree = "<group>"; };
		DFBE88D72A03CAB900572B47 /* Info.plist */ = {isa = PBXFileReference; lastKnownFileType = text.plist; path = Info.plist; sourceTree = "<group>"; };
		DFC6661229FA0AA3003227FE /* SignupView.swift */ = {isa = PBXFileReference; lastKnownFileType = sourcecode.swift; path = SignupView.swift; sourceTree = "<group>"; };
		DFC6661429FA0EA4003227FE /* Extensions.swift */ = {isa = PBXFileReference; lastKnownFileType = sourcecode.swift; path = Extensions.swift; sourceTree = "<group>"; };
		DFFA14372A298007009F9275 /* Config.xcconfig */ = {isa = PBXFileReference; lastKnownFileType = text.xcconfig; path = Config.xcconfig; sourceTree = "<group>"; };
		DFFE94CD2A1963ED00615281 /* AuthTextLabel_Element.swift */ = {isa = PBXFileReference; fileEncoding = 4; lastKnownFileType = sourcecode.swift; path = AuthTextLabel_Element.swift; sourceTree = "<group>"; };
		DFFE94CF2A19642200615281 /* SpotifyHandler.swift */ = {isa = PBXFileReference; fileEncoding = 4; lastKnownFileType = sourcecode.swift; path = SpotifyHandler.swift; sourceTree = "<group>"; };
		DFFE94D12A19659B00615281 /* DatabaseHandler.swift */ = {isa = PBXFileReference; lastKnownFileType = sourcecode.swift; path = DatabaseHandler.swift; sourceTree = "<group>"; };
		DFFE94D32A19680E00615281 /* Model.swift */ = {isa = PBXFileReference; lastKnownFileType = sourcecode.swift; path = Model.swift; sourceTree = "<group>"; };
		DFFE94E02A1CD34E00615281 /* BeatFluxViewModel.swift */ = {isa = PBXFileReference; lastKnownFileType = sourcecode.swift; path = BeatFluxViewModel.swift; sourceTree = "<group>"; };
/* End PBXFileReference section */

/* Begin PBXFrameworksBuildPhase section */
		DFAD004029F5B6C000EE6874 /* Frameworks */ = {
			isa = PBXFrameworksBuildPhase;
			buildActionMask = 2147483647;
			files = (
				DF72E63029FEB487007A6306 /* CombineFirebaseStorage in Frameworks */,
				DFFE94DD2A1C4E3D00615281 /* FirebaseFirestore in Frameworks */,
				DF72E62C29FEB487007A6306 /* CombineFirebaseFunctions in Frameworks */,
				DFFE94DB2A1C4E3D00615281 /* FirebaseDatabase in Frameworks */,
				DFFE94DF2A1C4E3D00615281 /* FirebaseStorage in Frameworks */,
				DF72E62829FEB487007A6306 /* CombineFirebaseDatabase in Frameworks */,
				DFFE94D72A1C4E3D00615281 /* FirebaseAnalytics in Frameworks */,
				DF72E62429FEB487007A6306 /* CombineFirebase in Frameworks */,
				DF72E62E29FEB487007A6306 /* CombineFirebaseRemoteConfig in Frameworks */,
				DF72E62629FEB487007A6306 /* CombineFirebaseAuth in Frameworks */,
				DFAB03F02A090DAE006B5F7E /* SpotifyAPI in Frameworks */,
				DF72E62A29FEB487007A6306 /* CombineFirebaseFirestore in Frameworks */,
				DFAB03F32A09C871006B5F7E /* KeychainAccess in Frameworks */,
				DFFE94D92A1C4E3D00615281 /* FirebaseAuth in Frameworks */,
			);
			runOnlyForDeploymentPostprocessing = 0;
		};
/* End PBXFrameworksBuildPhase section */

/* Begin PBXGroup section */
		DF44EEA229FBDE480027E3DD /* Views */ = {
			isa = PBXGroup;
			children = (
				DF599E7529FD70A700EBF850 /* InitializationPage.swift */,
				DFBE88BD29FF51BC00572B47 /* GenericViews */,
				DF44EEA429FBDE5E0027E3DD /* AuthenticationViews */,
				DFAD004829F5B6C000EE6874 /* HomeView.swift */,
				DF10E66C2A242EA100D9EFD7 /* SpotifyPopup.swift */,
				DF0BDE2A2A27CA2A00C917FA /* SettingsView.swift */,
				DF67A34C2A28162100E3BF89 /* SpotifySettingsView.swift */,
			);
			path = Views;
			sourceTree = "<group>";
		};
		DF44EEA329FBDE530027E3DD /* Extensions */ = {
			isa = PBXGroup;
			children = (
				DFC6661429FA0EA4003227FE /* Extensions.swift */,
			);
			path = Extensions;
			sourceTree = "<group>";
		};
		DF44EEA429FBDE5E0027E3DD /* AuthenticationViews */ = {
			isa = PBXGroup;
			children = (
				DF44EEA529FBDE810027E3DD /* Elements */,
				DFB08E2129F7EC1A0074A86A /* LoginView.swift */,
				DFC6661229FA0AA3003227FE /* SignupView.swift */,
				DF44EEAA29FBE2720027E3DD /* WelcomePageView.swift */,
			);
			path = AuthenticationViews;
			sourceTree = "<group>";
		};
		DF44EEA529FBDE810027E3DD /* Elements */ = {
			isa = PBXGroup;
			children = (
				DFFE94CD2A1963ED00615281 /* AuthTextLabel_Element.swift */,
			);
			path = Elements;
			sourceTree = "<group>";
		};
		DF599E7229FC9A1E00EBF850 /* Handlers */ = {
			isa = PBXGroup;
			children = (
				DFFE94CF2A19642200615281 /* SpotifyHandler.swift */,
				DF599E7329FC9A3000EBF850 /* AuthHandler.swift */,
				DFFE94D12A19659B00615281 /* DatabaseHandler.swift */,
			);
			path = Handlers;
			sourceTree = "<group>";
		};
		DFAB03E22A045F32006B5F7E /* Model */ = {
			isa = PBXGroup;
			children = (
				DFFE94D32A19680E00615281 /* Model.swift */,
			);
			path = Model;
			sourceTree = "<group>";
		};
		DFAD003A29F5B6C000EE6874 = {
			isa = PBXGroup;
			children = (
				DFAD004529F5B6C000EE6874 /* BeatFlux */,
				DFAD004429F5B6C000EE6874 /* Products */,
			);
			sourceTree = "<group>";
		};
		DFAD004429F5B6C000EE6874 /* Products */ = {
			isa = PBXGroup;
			children = (
				DFAD004329F5B6C000EE6874 /* BeatFlux.app */,
			);
			name = Products;
			sourceTree = "<group>";
		};
		DFAD004529F5B6C000EE6874 /* BeatFlux */ = {
			isa = PBXGroup;
			children = (
				DFBE88D72A03CAB900572B47 /* Info.plist */,
				DFAB03E22A045F32006B5F7E /* Model */,
				DFBE88CA2A0349A600572B47 /* ViewModels */,
				DF599E7229FC9A1E00EBF850 /* Handlers */,
				DF44EEA329FBDE530027E3DD /* Extensions */,
				DF44EEA229FBDE480027E3DD /* Views */,
				DFAD004629F5B6C000EE6874 /* BeatFluxApp.swift */,
				DFAD004A29F5B6C100EE6874 /* Assets.xcassets */,
				DF599E6529FC990A00EBF850 /* GoogleService-Info.plist */,
				DFAD004C29F5B6C100EE6874 /* Preview Content */,
				DFFA14372A298007009F9275 /* Config.xcconfig */,
			);
			path = BeatFlux;
			sourceTree = "<group>";
		};
		DFAD004C29F5B6C100EE6874 /* Preview Content */ = {
			isa = PBXGroup;
			children = (
				DFAD004D29F5B6C100EE6874 /* Preview Assets.xcassets */,
			);
			path = "Preview Content";
			sourceTree = "<group>";
		};
		DFBE88BD29FF51BC00572B47 /* GenericViews */ = {
			isa = PBXGroup;
			children = (
				DFBE88BE29FF51DB00572B47 /* LoadingIndicator.swift */,
				DF10E66E2A24E89300D9EFD7 /* WebView.swift */,
			);
			path = GenericViews;
			sourceTree = "<group>";
		};
		DFBE88CA2A0349A600572B47 /* ViewModels */ = {
			isa = PBXGroup;
			children = (
				DFFE94E02A1CD34E00615281 /* BeatFluxViewModel.swift */,
			);
			path = ViewModels;
			sourceTree = "<group>";
		};
/* End PBXGroup section */

/* Begin PBXNativeTarget section */
		DFAD004229F5B6C000EE6874 /* BeatFlux */ = {
			isa = PBXNativeTarget;
			buildConfigurationList = DFAD005129F5B6C100EE6874 /* Build configuration list for PBXNativeTarget "BeatFlux" */;
			buildPhases = (
				DFAD003F29F5B6C000EE6874 /* Sources */,
				DFAD004029F5B6C000EE6874 /* Frameworks */,
				DFAD004129F5B6C000EE6874 /* Resources */,
			);
			buildRules = (
			);
			dependencies = (
			);
			name = BeatFlux;
			packageProductDependencies = (
				DF72E62329FEB487007A6306 /* CombineFirebase */,
				DF72E62529FEB487007A6306 /* CombineFirebaseAuth */,
				DF72E62729FEB487007A6306 /* CombineFirebaseDatabase */,
				DF72E62929FEB487007A6306 /* CombineFirebaseFirestore */,
				DF72E62B29FEB487007A6306 /* CombineFirebaseFunctions */,
				DF72E62D29FEB487007A6306 /* CombineFirebaseRemoteConfig */,
				DF72E62F29FEB487007A6306 /* CombineFirebaseStorage */,
				DFAB03EF2A090DAE006B5F7E /* SpotifyAPI */,
				DFAB03F22A09C871006B5F7E /* KeychainAccess */,
				DFFE94D62A1C4E3D00615281 /* FirebaseAnalytics */,
				DFFE94D82A1C4E3D00615281 /* FirebaseAuth */,
				DFFE94DA2A1C4E3D00615281 /* FirebaseDatabase */,
				DFFE94DC2A1C4E3D00615281 /* FirebaseFirestore */,
				DFFE94DE2A1C4E3D00615281 /* FirebaseStorage */,
			);
			productName = BeatFlux;
			productReference = DFAD004329F5B6C000EE6874 /* BeatFlux.app */;
			productType = "com.apple.product-type.application";
		};
/* End PBXNativeTarget section */

/* Begin PBXProject section */
		DFAD003B29F5B6C000EE6874 /* Project object */ = {
			isa = PBXProject;
			attributes = {
				BuildIndependentTargetsInParallel = 1;
				LastSwiftUpdateCheck = 1430;
				LastUpgradeCheck = 1430;
				TargetAttributes = {
					DFAD004229F5B6C000EE6874 = {
						CreatedOnToolsVersion = 14.3;
						LastSwiftMigration = 1430;
					};
				};
			};
			buildConfigurationList = DFAD003E29F5B6C000EE6874 /* Build configuration list for PBXProject "BeatFlux" */;
			compatibilityVersion = "Xcode 14.0";
			developmentRegion = en;
			hasScannedForEncodings = 0;
			knownRegions = (
				en,
				Base,
			);
			mainGroup = DFAD003A29F5B6C000EE6874;
			packageReferences = (
				DF72E62229FEB487007A6306 /* XCRemoteSwiftPackageReference "CombineFirebase" */,
				DFAB03EE2A090DAE006B5F7E /* XCRemoteSwiftPackageReference "SpotifyAPI" */,
				DFAB03F12A09C871006B5F7E /* XCRemoteSwiftPackageReference "KeychainAccess" */,
				DFFE94D52A1C4E3D00615281 /* XCRemoteSwiftPackageReference "firebase-ios-sdk" */,
			);
			productRefGroup = DFAD004429F5B6C000EE6874 /* Products */;
			projectDirPath = "";
			projectRoot = "";
			targets = (
				DFAD004229F5B6C000EE6874 /* BeatFlux */,
			);
		};
/* End PBXProject section */

/* Begin PBXResourcesBuildPhase section */
		DFAD004129F5B6C000EE6874 /* Resources */ = {
			isa = PBXResourcesBuildPhase;
			buildActionMask = 2147483647;
			files = (
				DFAD004E29F5B6C100EE6874 /* Preview Assets.xcassets in Resources */,
				DFAD004B29F5B6C100EE6874 /* Assets.xcassets in Resources */,
				DF599E6629FC990A00EBF850 /* GoogleService-Info.plist in Resources */,
			);
			runOnlyForDeploymentPostprocessing = 0;
		};
/* End PBXResourcesBuildPhase section */

/* Begin PBXSourcesBuildPhase section */
		DFAD003F29F5B6C000EE6874 /* Sources */ = {
			isa = PBXSourcesBuildPhase;
			buildActionMask = 2147483647;
			files = (
				DFFE94D02A19642200615281 /* SpotifyHandler.swift in Sources */,
				DF10E66F2A24E89300D9EFD7 /* WebView.swift in Sources */,
				DFC6661529FA0EA4003227FE /* Extensions.swift in Sources */,
				DFFE94D42A19680E00615281 /* Model.swift in Sources */,
				DFFE94CE2A1963ED00615281 /* AuthTextLabel_Element.swift in Sources */,
				DF0BDE2B2A27CA2A00C917FA /* SettingsView.swift in Sources */,
				DFFE94D22A19659B00615281 /* DatabaseHandler.swift in Sources */,
				DFC6661329FA0AA3003227FE /* SignupView.swift in Sources */,
				DFBE88BF29FF51DB00572B47 /* LoadingIndicator.swift in Sources */,
				DF10E66D2A242EA100D9EFD7 /* SpotifyPopup.swift in Sources */,
				DFAD004929F5B6C000EE6874 /* HomeView.swift in Sources */,
				DF599E7429FC9A3000EBF850 /* AuthHandler.swift in Sources */,
				DFFE94E12A1CD34E00615281 /* BeatFluxViewModel.swift in Sources */,
				DFAD004729F5B6C000EE6874 /* BeatFluxApp.swift in Sources */,
				DF67A34D2A28162100E3BF89 /* SpotifySettingsView.swift in Sources */,
				DF599E7629FD70A700EBF850 /* InitializationPage.swift in Sources */,
				DF44EEAB29FBE2720027E3DD /* WelcomePageView.swift in Sources */,
				DFB08E2229F7EC1A0074A86A /* LoginView.swift in Sources */,
			);
			runOnlyForDeploymentPostprocessing = 0;
		};
/* End PBXSourcesBuildPhase section */

/* Begin XCBuildConfiguration section */
		DFAD004F29F5B6C100EE6874 /* Debug */ = {
			isa = XCBuildConfiguration;
			baseConfigurationReference = DFFA14372A298007009F9275 /* Config.xcconfig */;
			buildSettings = {
				ALWAYS_SEARCH_USER_PATHS = NO;
				CLANG_ANALYZER_NONNULL = YES;
				CLANG_ANALYZER_NUMBER_OBJECT_CONVERSION = YES_AGGRESSIVE;
				CLANG_CXX_LANGUAGE_STANDARD = "gnu++20";
				CLANG_ENABLE_MODULES = YES;
				CLANG_ENABLE_OBJC_ARC = YES;
				CLANG_ENABLE_OBJC_WEAK = YES;
				CLANG_WARN_BLOCK_CAPTURE_AUTORELEASING = YES;
				CLANG_WARN_BOOL_CONVERSION = YES;
				CLANG_WARN_COMMA = YES;
				CLANG_WARN_CONSTANT_CONVERSION = YES;
				CLANG_WARN_DEPRECATED_OBJC_IMPLEMENTATIONS = YES;
				CLANG_WARN_DIRECT_OBJC_ISA_USAGE = YES_ERROR;
				CLANG_WARN_DOCUMENTATION_COMMENTS = YES;
				CLANG_WARN_EMPTY_BODY = YES;
				CLANG_WARN_ENUM_CONVERSION = YES;
				CLANG_WARN_INFINITE_RECURSION = YES;
				CLANG_WARN_INT_CONVERSION = YES;
				CLANG_WARN_NON_LITERAL_NULL_CONVERSION = YES;
				CLANG_WARN_OBJC_IMPLICIT_RETAIN_SELF = YES;
				CLANG_WARN_OBJC_LITERAL_CONVERSION = YES;
				CLANG_WARN_OBJC_ROOT_CLASS = YES_ERROR;
				CLANG_WARN_QUOTED_INCLUDE_IN_FRAMEWORK_HEADER = YES;
				CLANG_WARN_RANGE_LOOP_ANALYSIS = YES;
				CLANG_WARN_STRICT_PROTOTYPES = YES;
				CLANG_WARN_SUSPICIOUS_MOVE = YES;
				CLANG_WARN_UNGUARDED_AVAILABILITY = YES_AGGRESSIVE;
				CLANG_WARN_UNREACHABLE_CODE = YES;
				CLANG_WARN__DUPLICATE_METHOD_MATCH = YES;
				COPY_PHASE_STRIP = NO;
				DEBUG_INFORMATION_FORMAT = dwarf;
				ENABLE_STRICT_OBJC_MSGSEND = YES;
				ENABLE_TESTABILITY = YES;
				GCC_C_LANGUAGE_STANDARD = gnu11;
				GCC_DYNAMIC_NO_PIC = NO;
				GCC_NO_COMMON_BLOCKS = YES;
				GCC_OPTIMIZATION_LEVEL = 0;
				GCC_PREPROCESSOR_DEFINITIONS = (
					"DEBUG=1",
					"$(inherited)",
				);
				GCC_WARN_64_TO_32_BIT_CONVERSION = YES;
				GCC_WARN_ABOUT_RETURN_TYPE = YES_ERROR;
				GCC_WARN_UNDECLARED_SELECTOR = YES;
				GCC_WARN_UNINITIALIZED_AUTOS = YES_AGGRESSIVE;
				GCC_WARN_UNUSED_FUNCTION = YES;
				GCC_WARN_UNUSED_VARIABLE = YES;
				IPHONEOS_DEPLOYMENT_TARGET = 16.4;
				MTL_ENABLE_DEBUG_INFO = INCLUDE_SOURCE;
				MTL_FAST_MATH = YES;
				ONLY_ACTIVE_ARCH = YES;
				SDKROOT = iphoneos;
				SWIFT_ACTIVE_COMPILATION_CONDITIONS = DEBUG;
				SWIFT_OPTIMIZATION_LEVEL = "-Onone";
			};
			name = Debug;
		};
		DFAD005029F5B6C100EE6874 /* Release */ = {
			isa = XCBuildConfiguration;
			baseConfigurationReference = DFFA14372A298007009F9275 /* Config.xcconfig */;
			buildSettings = {
				ALWAYS_SEARCH_USER_PATHS = NO;
				CLANG_ANALYZER_NONNULL = YES;
				CLANG_ANALYZER_NUMBER_OBJECT_CONVERSION = YES_AGGRESSIVE;
				CLANG_CXX_LANGUAGE_STANDARD = "gnu++20";
				CLANG_ENABLE_MODULES = YES;
				CLANG_ENABLE_OBJC_ARC = YES;
				CLANG_ENABLE_OBJC_WEAK = YES;
				CLANG_WARN_BLOCK_CAPTURE_AUTORELEASING = YES;
				CLANG_WARN_BOOL_CONVERSION = YES;
				CLANG_WARN_COMMA = YES;
				CLANG_WARN_CONSTANT_CONVERSION = YES;
				CLANG_WARN_DEPRECATED_OBJC_IMPLEMENTATIONS = YES;
				CLANG_WARN_DIRECT_OBJC_ISA_USAGE = YES_ERROR;
				CLANG_WARN_DOCUMENTATION_COMMENTS = YES;
				CLANG_WARN_EMPTY_BODY = YES;
				CLANG_WARN_ENUM_CONVERSION = YES;
				CLANG_WARN_INFINITE_RECURSION = YES;
				CLANG_WARN_INT_CONVERSION = YES;
				CLANG_WARN_NON_LITERAL_NULL_CONVERSION = YES;
				CLANG_WARN_OBJC_IMPLICIT_RETAIN_SELF = YES;
				CLANG_WARN_OBJC_LITERAL_CONVERSION = YES;
				CLANG_WARN_OBJC_ROOT_CLASS = YES_ERROR;
				CLANG_WARN_QUOTED_INCLUDE_IN_FRAMEWORK_HEADER = YES;
				CLANG_WARN_RANGE_LOOP_ANALYSIS = YES;
				CLANG_WARN_STRICT_PROTOTYPES = YES;
				CLANG_WARN_SUSPICIOUS_MOVE = YES;
				CLANG_WARN_UNGUARDED_AVAILABILITY = YES_AGGRESSIVE;
				CLANG_WARN_UNREACHABLE_CODE = YES;
				CLANG_WARN__DUPLICATE_METHOD_MATCH = YES;
				COPY_PHASE_STRIP = NO;
				DEBUG_INFORMATION_FORMAT = "dwarf-with-dsym";
				ENABLE_NS_ASSERTIONS = NO;
				ENABLE_STRICT_OBJC_MSGSEND = YES;
				GCC_C_LANGUAGE_STANDARD = gnu11;
				GCC_NO_COMMON_BLOCKS = YES;
				GCC_WARN_64_TO_32_BIT_CONVERSION = YES;
				GCC_WARN_ABOUT_RETURN_TYPE = YES_ERROR;
				GCC_WARN_UNDECLARED_SELECTOR = YES;
				GCC_WARN_UNINITIALIZED_AUTOS = YES_AGGRESSIVE;
				GCC_WARN_UNUSED_FUNCTION = YES;
				GCC_WARN_UNUSED_VARIABLE = YES;
				IPHONEOS_DEPLOYMENT_TARGET = 16.4;
				MTL_ENABLE_DEBUG_INFO = NO;
				MTL_FAST_MATH = YES;
				SDKROOT = iphoneos;
				SWIFT_COMPILATION_MODE = wholemodule;
				SWIFT_OPTIMIZATION_LEVEL = "-O";
				VALIDATE_PRODUCT = YES;
			};
			name = Release;
		};
		DFAD005229F5B6C100EE6874 /* Debug */ = {
			isa = XCBuildConfiguration;
			buildSettings = {
				ASSETCATALOG_COMPILER_APPICON_NAME = AppIcon;
				ASSETCATALOG_COMPILER_GLOBAL_ACCENT_COLOR_NAME = AccentColor;
				CLANG_ENABLE_MODULES = YES;
				CODE_SIGN_STYLE = Automatic;
				CURRENT_PROJECT_VERSION = 1;
				DEVELOPMENT_ASSET_PATHS = "\"BeatFlux/Preview Content\"";
				DEVELOPMENT_TEAM = 8DTP7GJ5ZJ;
				ENABLE_PREVIEWS = YES;
				FRAMEWORK_SEARCH_PATHS = (
					"$(inherited)",
					"$(PROJECT_DIR)",
				);
				GENERATE_INFOPLIST_FILE = YES;
				INFOPLIST_FILE = BeatFlux/Info.plist;
				INFOPLIST_KEY_UIApplicationSceneManifest_Generation = YES;
				INFOPLIST_KEY_UIApplicationSupportsIndirectInputEvents = YES;
				INFOPLIST_KEY_UILaunchScreen_Generation = YES;
				INFOPLIST_KEY_UISupportedInterfaceOrientations = UIInterfaceOrientationPortrait;
				INFOPLIST_KEY_UISupportedInterfaceOrientations_iPad = "UIInterfaceOrientationLandscapeLeft UIInterfaceOrientationLandscapeRight UIInterfaceOrientationPortrait UIInterfaceOrientationPortraitUpsideDown";
				IPHONEOS_DEPLOYMENT_TARGET = 16.0;
				LD_RUNPATH_SEARCH_PATHS = (
					"$(inherited)",
					"@executable_path/Frameworks",
				);
				MARKETING_VERSION = 1.0;
				OTHER_LDFLAGS = "-ObjC";
				PRODUCT_BUNDLE_IDENTIFIER = com.beatflux.BeatFlux;
				PRODUCT_NAME = "$(TARGET_NAME)";
				SWIFT_EMIT_LOC_STRINGS = YES;
				SWIFT_OBJC_BRIDGING_HEADER = "";
				SWIFT_OPTIMIZATION_LEVEL = "-Onone";
				SWIFT_VERSION = 5.0;
				TARGETED_DEVICE_FAMILY = "1,2";
			};
			name = Debug;
		};
		DFAD005329F5B6C100EE6874 /* Release */ = {
			isa = XCBuildConfiguration;
			buildSettings = {
				ASSETCATALOG_COMPILER_APPICON_NAME = AppIcon;
				ASSETCATALOG_COMPILER_GLOBAL_ACCENT_COLOR_NAME = AccentColor;
				CLANG_ENABLE_MODULES = YES;
				CODE_SIGN_STYLE = Automatic;
				CURRENT_PROJECT_VERSION = 1;
				DEVELOPMENT_ASSET_PATHS = "\"BeatFlux/Preview Content\"";
				DEVELOPMENT_TEAM = 8DTP7GJ5ZJ;
				ENABLE_PREVIEWS = YES;
				FRAMEWORK_SEARCH_PATHS = (
					"$(inherited)",
					"$(PROJECT_DIR)",
				);
				GENERATE_INFOPLIST_FILE = YES;
				INFOPLIST_FILE = BeatFlux/Info.plist;
				INFOPLIST_KEY_UIApplicationSceneManifest_Generation = YES;
				INFOPLIST_KEY_UIApplicationSupportsIndirectInputEvents = YES;
				INFOPLIST_KEY_UILaunchScreen_Generation = YES;
				INFOPLIST_KEY_UISupportedInterfaceOrientations = UIInterfaceOrientationPortrait;
				INFOPLIST_KEY_UISupportedInterfaceOrientations_iPad = "UIInterfaceOrientationLandscapeLeft UIInterfaceOrientationLandscapeRight UIInterfaceOrientationPortrait UIInterfaceOrientationPortraitUpsideDown";
				IPHONEOS_DEPLOYMENT_TARGET = 16.0;
				LD_RUNPATH_SEARCH_PATHS = (
					"$(inherited)",
					"@executable_path/Frameworks",
				);
				MARKETING_VERSION = 1.0;
				OTHER_LDFLAGS = "-ObjC";
				PRODUCT_BUNDLE_IDENTIFIER = com.beatflux.BeatFlux;
				PRODUCT_NAME = "$(TARGET_NAME)";
				SWIFT_EMIT_LOC_STRINGS = YES;
				SWIFT_OBJC_BRIDGING_HEADER = "";
				SWIFT_VERSION = 5.0;
				TARGETED_DEVICE_FAMILY = "1,2";
			};
			name = Release;
		};
/* End XCBuildConfiguration section */

/* Begin XCConfigurationList section */
		DFAD003E29F5B6C000EE6874 /* Build configuration list for PBXProject "BeatFlux" */ = {
			isa = XCConfigurationList;
			buildConfigurations = (
				DFAD004F29F5B6C100EE6874 /* Debug */,
				DFAD005029F5B6C100EE6874 /* Release */,
			);
			defaultConfigurationIsVisible = 0;
			defaultConfigurationName = Release;
		};
		DFAD005129F5B6C100EE6874 /* Build configuration list for PBXNativeTarget "BeatFlux" */ = {
			isa = XCConfigurationList;
			buildConfigurations = (
				DFAD005229F5B6C100EE6874 /* Debug */,
				DFAD005329F5B6C100EE6874 /* Release */,
			);
			defaultConfigurationIsVisible = 0;
			defaultConfigurationName = Release;
		};
/* End XCConfigurationList section */

/* Begin XCRemoteSwiftPackageReference section */
		DF72E62229FEB487007A6306 /* XCRemoteSwiftPackageReference "CombineFirebase" */ = {
			isa = XCRemoteSwiftPackageReference;
			repositoryURL = "https://github.com/rever-ai/CombineFirebase";
			requirement = {
				kind = upToNextMajorVersion;
				minimumVersion = 0.3.3;
			};
		};
		DFAB03EE2A090DAE006B5F7E /* XCRemoteSwiftPackageReference "SpotifyAPI" */ = {
			isa = XCRemoteSwiftPackageReference;
			repositoryURL = "https://github.com/Peter-Schorn/SpotifyAPI.git";
			requirement = {
				kind = upToNextMajorVersion;
				minimumVersion = 2.0.0;
			};
		};
		DFAB03F12A09C871006B5F7E /* XCRemoteSwiftPackageReference "KeychainAccess" */ = {
			isa = XCRemoteSwiftPackageReference;
			repositoryURL = "https://github.com/kishikawakatsumi/KeychainAccess";
			requirement = {
				branch = master;
				kind = branch;
			};
		};
		DFFE94D52A1C4E3D00615281 /* XCRemoteSwiftPackageReference "firebase-ios-sdk" */ = {
			isa = XCRemoteSwiftPackageReference;
			repositoryURL = "https://github.com/firebase/firebase-ios-sdk";
			requirement = {
				kind = exactVersion;
				version = 10.0.0;
			};
		};
/* End XCRemoteSwiftPackageReference section */

/* Begin XCSwiftPackageProductDependency section */
		DF72E62329FEB487007A6306 /* CombineFirebase */ = {
			isa = XCSwiftPackageProductDependency;
			package = DF72E62229FEB487007A6306 /* XCRemoteSwiftPackageReference "CombineFirebase" */;
			productName = CombineFirebase;
		};
		DF72E62529FEB487007A6306 /* CombineFirebaseAuth */ = {
			isa = XCSwiftPackageProductDependency;
			package = DF72E62229FEB487007A6306 /* XCRemoteSwiftPackageReference "CombineFirebase" */;
			productName = CombineFirebaseAuth;
		};
		DF72E62729FEB487007A6306 /* CombineFirebaseDatabase */ = {
			isa = XCSwiftPackageProductDependency;
			package = DF72E62229FEB487007A6306 /* XCRemoteSwiftPackageReference "CombineFirebase" */;
			productName = CombineFirebaseDatabase;
		};
		DF72E62929FEB487007A6306 /* CombineFirebaseFirestore */ = {
			isa = XCSwiftPackageProductDependency;
			package = DF72E62229FEB487007A6306 /* XCRemoteSwiftPackageReference "CombineFirebase" */;
			productName = CombineFirebaseFirestore;
		};
		DF72E62B29FEB487007A6306 /* CombineFirebaseFunctions */ = {
			isa = XCSwiftPackageProductDependency;
			package = DF72E62229FEB487007A6306 /* XCRemoteSwiftPackageReference "CombineFirebase" */;
			productName = CombineFirebaseFunctions;
		};
		DF72E62D29FEB487007A6306 /* CombineFirebaseRemoteConfig */ = {
			isa = XCSwiftPackageProductDependency;
			package = DF72E62229FEB487007A6306 /* XCRemoteSwiftPackageReference "CombineFirebase" */;
			productName = CombineFirebaseRemoteConfig;
		};
		DF72E62F29FEB487007A6306 /* CombineFirebaseStorage */ = {
			isa = XCSwiftPackageProductDependency;
			package = DF72E62229FEB487007A6306 /* XCRemoteSwiftPackageReference "CombineFirebase" */;
			productName = CombineFirebaseStorage;
		};
		DFAB03EF2A090DAE006B5F7E /* SpotifyAPI */ = {
			isa = XCSwiftPackageProductDependency;
			package = DFAB03EE2A090DAE006B5F7E /* XCRemoteSwiftPackageReference "SpotifyAPI" */;
			productName = SpotifyAPI;
		};
		DFAB03F22A09C871006B5F7E /* KeychainAccess */ = {
			isa = XCSwiftPackageProductDependency;
			package = DFAB03F12A09C871006B5F7E /* XCRemoteSwiftPackageReference "KeychainAccess" */;
			productName = KeychainAccess;
		};
		DFFE94D62A1C4E3D00615281 /* FirebaseAnalytics */ = {
			isa = XCSwiftPackageProductDependency;
			package = DFFE94D52A1C4E3D00615281 /* XCRemoteSwiftPackageReference "firebase-ios-sdk" */;
			productName = FirebaseAnalytics;
		};
		DFFE94D82A1C4E3D00615281 /* FirebaseAuth */ = {
			isa = XCSwiftPackageProductDependency;
			package = DFFE94D52A1C4E3D00615281 /* XCRemoteSwiftPackageReference "firebase-ios-sdk" */;
			productName = FirebaseAuth;
		};
		DFFE94DA2A1C4E3D00615281 /* FirebaseDatabase */ = {
			isa = XCSwiftPackageProductDependency;
			package = DFFE94D52A1C4E3D00615281 /* XCRemoteSwiftPackageReference "firebase-ios-sdk" */;
			productName = FirebaseDatabase;
		};
		DFFE94DC2A1C4E3D00615281 /* FirebaseFirestore */ = {
			isa = XCSwiftPackageProductDependency;
			package = DFFE94D52A1C4E3D00615281 /* XCRemoteSwiftPackageReference "firebase-ios-sdk" */;
			productName = FirebaseFirestore;
		};
		DFFE94DE2A1C4E3D00615281 /* FirebaseStorage */ = {
			isa = XCSwiftPackageProductDependency;
			package = DFFE94D52A1C4E3D00615281 /* XCRemoteSwiftPackageReference "firebase-ios-sdk" */;
			productName = FirebaseStorage;
		};
/* End XCSwiftPackageProductDependency section */
	};
	rootObject = DFAD003B29F5B6C000EE6874 /* Project object */;
}
